// !$*UTF8*$!
{
	archiveVersion = 1;
	classes = {
	};
	objectVersion = 46;
	objects = {

/* Begin PBXBuildFile section */
		2907F86F1B33C84100ADC737 /* Rational.cpp in Sources */ = {isa = PBXBuildFile; fileRef = 2907F86D1B33C84100ADC737 /* Rational.cpp */; };
		2907F8711B33C9E100ADC737 /* RationalTest.cpp in Sources */ = {isa = PBXBuildFile; fileRef = 2907F8701B33C9E100ADC737 /* RationalTest.cpp */; };
		29154F631B2C790000DBE963 /* PartProperties.cpp in Sources */ = {isa = PBXBuildFile; fileRef = 29154F611B2C790000DBE963 /* PartProperties.cpp */; };
		29154F661B2C7C9500DBE963 /* Instrument.cpp in Sources */ = {isa = PBXBuildFile; fileRef = 29154F641B2C7C9500DBE963 /* Instrument.cpp */; };
		29154F691B2C7CE200DBE963 /* PartGroup.cpp in Sources */ = {isa = PBXBuildFile; fileRef = 29154F671B2C7CE200DBE963 /* PartGroup.cpp */; };
		2940EA431B09B04E00436F11 /* Piece.cpp in Sources */ = {isa = PBXBuildFile; fileRef = 2940EA411B09B04E00436F11 /* Piece.cpp */; };
		2940EA461B09B05800436F11 /* Movement.cpp in Sources */ = {isa = PBXBuildFile; fileRef = 2940EA441B09B05800436F11 /* Movement.cpp */; };
		2949BC111B25467F00E760F4 /* MovementAcceptanceTest.cpp in Sources */ = {isa = PBXBuildFile; fileRef = 2949BC0F1B25467F00E760F4 /* MovementAcceptanceTest.cpp */; };
		2949BC141B2549E100E760F4 /* PartStack.cpp in Sources */ = {isa = PBXBuildFile; fileRef = 2949BC121B2549E100E760F4 /* PartStack.cpp */; };
		2949BC171B254C8400E760F4 /* Part.cpp in Sources */ = {isa = PBXBuildFile; fileRef = 2949BC151B254C8400E760F4 /* Part.cpp */; };
		299DA3291B2F254A00254FFF /* Measure.cpp in Sources */ = {isa = PBXBuildFile; fileRef = 299DA3271B2F254A00254FFF /* Measure.cpp */; };
		299DA32C1B2F26B400254FFF /* TimeSignature.cpp in Sources */ = {isa = PBXBuildFile; fileRef = 299DA32A1B2F26B400254FFF /* TimeSignature.cpp */; };
		299DA32F1B2F274F00254FFF /* Note.cpp in Sources */ = {isa = PBXBuildFile; fileRef = 299DA32D1B2F274F00254FFF /* Note.cpp */; };
		29BC6C461B368D0F009FC014 /* DurationBaseTest.cpp in Sources */ = {isa = PBXBuildFile; fileRef = 29BC6C451B368D0F009FC014 /* DurationBaseTest.cpp */; };
		29CE92181B34EC780024B3DA /* DurationBase.cpp in Sources */ = {isa = PBXBuildFile; fileRef = 29CE92161B34EC780024B3DA /* DurationBase.cpp */; };
		29E77D601AECD34C008A51B0 /* Failure.cpp in Sources */ = {isa = PBXBuildFile; fileRef = 29E77D511AECD34C008A51B0 /* Failure.cpp */; };
		29E77D611AECD34C008A51B0 /* Test.cpp in Sources */ = {isa = PBXBuildFile; fileRef = 29E77D531AECD34C008A51B0 /* Test.cpp */; };
		29E77D621AECD34C008A51B0 /* TestRegistry.cpp in Sources */ = {isa = PBXBuildFile; fileRef = 29E77D561AECD34C008A51B0 /* TestRegistry.cpp */; };
		29E77D631AECD34C008A51B0 /* TestResult.cpp in Sources */ = {isa = PBXBuildFile; fileRef = 29E77D581AECD34C008A51B0 /* TestResult.cpp */; };
		29E967461AF4811F00F0B9EC /* main.cpp in Sources */ = {isa = PBXBuildFile; fileRef = 29E967451AF4811F00F0B9EC /* main.cpp */; };
		29E967491AF481D900F0B9EC /* PieceAcceptanceTest.cpp in Sources */ = {isa = PBXBuildFile; fileRef = 29E967481AF481D900F0B9EC /* PieceAcceptanceTest.cpp */; };
/* End PBXBuildFile section */

/* Begin PBXCopyFilesBuildPhase section */
		29E77D421AECD19D008A51B0 /* CopyFiles */ = {
			isa = PBXCopyFilesBuildPhase;
			buildActionMask = 2147483647;
			dstPath = /usr/share/man/man1/;
			dstSubfolderSpec = 0;
			files = (
			);
			runOnlyForDeploymentPostprocessing = 1;
		};
/* End PBXCopyFilesBuildPhase section */

/* Begin PBXFileReference section */
		2907F86D1B33C84100ADC737 /* Rational.cpp */ = {isa = PBXFileReference; fileEncoding = 4; lastKnownFileType = sourcecode.cpp.cpp; path = Rational.cpp; sourceTree = "<group>"; };
		2907F86E1B33C84100ADC737 /* Rational.h */ = {isa = PBXFileReference; fileEncoding = 4; lastKnownFileType = sourcecode.c.h; path = Rational.h; sourceTree = "<group>"; };
		2907F8701B33C9E100ADC737 /* RationalTest.cpp */ = {isa = PBXFileReference; fileEncoding = 4; lastKnownFileType = sourcecode.cpp.cpp; path = RationalTest.cpp; sourceTree = "<group>"; };
		29154F601B2C789100DBE963 /* TypeDefs.h */ = {isa = PBXFileReference; lastKnownFileType = sourcecode.c.h; path = TypeDefs.h; sourceTree = "<group>"; };
		29154F611B2C790000DBE963 /* PartProperties.cpp */ = {isa = PBXFileReference; fileEncoding = 4; lastKnownFileType = sourcecode.cpp.cpp; path = PartProperties.cpp; sourceTree = "<group>"; };
		29154F621B2C790000DBE963 /* PartProperties.h */ = {isa = PBXFileReference; fileEncoding = 4; lastKnownFileType = sourcecode.c.h; path = PartProperties.h; sourceTree = "<group>"; };
		29154F641B2C7C9500DBE963 /* Instrument.cpp */ = {isa = PBXFileReference; fileEncoding = 4; lastKnownFileType = sourcecode.cpp.cpp; path = Instrument.cpp; sourceTree = "<group>"; };
		29154F651B2C7C9500DBE963 /* Instrument.h */ = {isa = PBXFileReference; fileEncoding = 4; lastKnownFileType = sourcecode.c.h; path = Instrument.h; sourceTree = "<group>"; };
		29154F671B2C7CE200DBE963 /* PartGroup.cpp */ = {isa = PBXFileReference; fileEncoding = 4; lastKnownFileType = sourcecode.cpp.cpp; path = PartGroup.cpp; sourceTree = "<group>"; };
		29154F681B2C7CE200DBE963 /* PartGroup.h */ = {isa = PBXFileReference; fileEncoding = 4; lastKnownFileType = sourcecode.c.h; path = PartGroup.h; sourceTree = "<group>"; };
		2940EA411B09B04E00436F11 /* Piece.cpp */ = {isa = PBXFileReference; fileEncoding = 4; lastKnownFileType = sourcecode.cpp.cpp; path = Piece.cpp; sourceTree = "<group>"; };
		2940EA421B09B04E00436F11 /* Piece.h */ = {isa = PBXFileReference; fileEncoding = 4; lastKnownFileType = sourcecode.c.h; path = Piece.h; sourceTree = "<group>"; };
		2940EA441B09B05800436F11 /* Movement.cpp */ = {isa = PBXFileReference; fileEncoding = 4; lastKnownFileType = sourcecode.cpp.cpp; path = Movement.cpp; sourceTree = "<group>"; };
		2940EA451B09B05800436F11 /* Movement.h */ = {isa = PBXFileReference; fileEncoding = 4; lastKnownFileType = sourcecode.c.h; path = Movement.h; sourceTree = "<group>"; };
		2949BC0F1B25467F00E760F4 /* MovementAcceptanceTest.cpp */ = {isa = PBXFileReference; fileEncoding = 4; lastKnownFileType = sourcecode.cpp.cpp; path = MovementAcceptanceTest.cpp; sourceTree = "<group>"; };
		2949BC121B2549E100E760F4 /* PartStack.cpp */ = {isa = PBXFileReference; fileEncoding = 4; lastKnownFileType = sourcecode.cpp.cpp; path = PartStack.cpp; sourceTree = "<group>"; };
		2949BC131B2549E100E760F4 /* PartStack.h */ = {isa = PBXFileReference; fileEncoding = 4; lastKnownFileType = sourcecode.c.h; path = PartStack.h; sourceTree = "<group>"; };
		2949BC151B254C8400E760F4 /* Part.cpp */ = {isa = PBXFileReference; fileEncoding = 4; lastKnownFileType = sourcecode.cpp.cpp; path = Part.cpp; sourceTree = "<group>"; };
		2949BC161B254C8400E760F4 /* Part.h */ = {isa = PBXFileReference; fileEncoding = 4; lastKnownFileType = sourcecode.c.h; path = Part.h; sourceTree = "<group>"; };
		299DA3271B2F254A00254FFF /* Measure.cpp */ = {isa = PBXFileReference; fileEncoding = 4; lastKnownFileType = sourcecode.cpp.cpp; path = Measure.cpp; sourceTree = "<group>"; };
		299DA3281B2F254A00254FFF /* Measure.h */ = {isa = PBXFileReference; fileEncoding = 4; lastKnownFileType = sourcecode.c.h; path = Measure.h; sourceTree = "<group>"; };
		299DA32A1B2F26B400254FFF /* TimeSignature.cpp */ = {isa = PBXFileReference; fileEncoding = 4; lastKnownFileType = sourcecode.cpp.cpp; path = TimeSignature.cpp; sourceTree = "<group>"; };
		299DA32B1B2F26B400254FFF /* TimeSignature.h */ = {isa = PBXFileReference; fileEncoding = 4; lastKnownFileType = sourcecode.c.h; path = TimeSignature.h; sourceTree = "<group>"; };
		299DA32D1B2F274F00254FFF /* Note.cpp */ = {isa = PBXFileReference; fileEncoding = 4; lastKnownFileType = sourcecode.cpp.cpp; path = Note.cpp; sourceTree = "<group>"; };
		299DA32E1B2F274F00254FFF /* Note.h */ = {isa = PBXFileReference; fileEncoding = 4; lastKnownFileType = sourcecode.c.h; path = Note.h; sourceTree = "<group>"; };
		29BC6C451B368D0F009FC014 /* DurationBaseTest.cpp */ = {isa = PBXFileReference; fileEncoding = 4; lastKnownFileType = sourcecode.cpp.cpp; path = DurationBaseTest.cpp; sourceTree = "<group>"; };
		29CE92161B34EC780024B3DA /* DurationBase.cpp */ = {isa = PBXFileReference; fileEncoding = 4; lastKnownFileType = sourcecode.cpp.cpp; path = DurationBase.cpp; sourceTree = "<group>"; };
		29CE92171B34EC780024B3DA /* DurationBase.h */ = {isa = PBXFileReference; fileEncoding = 4; lastKnownFileType = sourcecode.c.h; path = DurationBase.h; sourceTree = "<group>"; };
		29E77D441AECD19D008A51B0 /* MusicClasses */ = {isa = PBXFileReference; explicitFileType = "compiled.mach-o.executable"; includeInIndex = 0; path = MusicClasses; sourceTree = BUILT_PRODUCTS_DIR; };
		29E77D511AECD34C008A51B0 /* Failure.cpp */ = {isa = PBXFileReference; fileEncoding = 4; lastKnownFileType = sourcecode.cpp.cpp; path = Failure.cpp; sourceTree = "<group>"; };
		29E77D521AECD34C008A51B0 /* Failure.h */ = {isa = PBXFileReference; fileEncoding = 4; lastKnownFileType = sourcecode.c.h; path = Failure.h; sourceTree = "<group>"; };
		29E77D531AECD34C008A51B0 /* Test.cpp */ = {isa = PBXFileReference; fileEncoding = 4; lastKnownFileType = sourcecode.cpp.cpp; path = Test.cpp; sourceTree = "<group>"; };
		29E77D541AECD34C008A51B0 /* Test.h */ = {isa = PBXFileReference; fileEncoding = 4; lastKnownFileType = sourcecode.c.h; path = Test.h; sourceTree = "<group>"; };
		29E77D551AECD34C008A51B0 /* TestHarness.h */ = {isa = PBXFileReference; fileEncoding = 4; lastKnownFileType = sourcecode.c.h; path = TestHarness.h; sourceTree = "<group>"; };
		29E77D561AECD34C008A51B0 /* TestRegistry.cpp */ = {isa = PBXFileReference; fileEncoding = 4; lastKnownFileType = sourcecode.cpp.cpp; path = TestRegistry.cpp; sourceTree = "<group>"; };
		29E77D571AECD34C008A51B0 /* TestRegistry.h */ = {isa = PBXFileReference; fileEncoding = 4; lastKnownFileType = sourcecode.c.h; path = TestRegistry.h; sourceTree = "<group>"; };
		29E77D581AECD34C008A51B0 /* TestResult.cpp */ = {isa = PBXFileReference; fileEncoding = 4; lastKnownFileType = sourcecode.cpp.cpp; path = TestResult.cpp; sourceTree = "<group>"; };
		29E77D591AECD34C008A51B0 /* TestResult.h */ = {isa = PBXFileReference; fileEncoding = 4; lastKnownFileType = sourcecode.c.h; path = TestResult.h; sourceTree = "<group>"; };
		29E77D5A1AECD34C008A51B0 /* TestSelector.h */ = {isa = PBXFileReference; fileEncoding = 4; lastKnownFileType = sourcecode.c.h; path = TestSelector.h; sourceTree = "<group>"; };
		29E967451AF4811F00F0B9EC /* main.cpp */ = {isa = PBXFileReference; fileEncoding = 4; lastKnownFileType = sourcecode.cpp.cpp; path = main.cpp; sourceTree = "<group>"; };
		29E967481AF481D900F0B9EC /* PieceAcceptanceTest.cpp */ = {isa = PBXFileReference; fileEncoding = 4; lastKnownFileType = sourcecode.cpp.cpp; path = PieceAcceptanceTest.cpp; sourceTree = "<group>"; };
/* End PBXFileReference section */

/* Begin PBXFrameworksBuildPhase section */
		29E77D411AECD19D008A51B0 /* Frameworks */ = {
			isa = PBXFrameworksBuildPhase;
			buildActionMask = 2147483647;
			files = (
			);
			runOnlyForDeploymentPostprocessing = 0;
		};
/* End PBXFrameworksBuildPhase section */

/* Begin PBXGroup section */
		29154F6A1B2C7D4800DBE963 /* MusicClasses */ = {
			isa = PBXGroup;
			children = (
				29CE92161B34EC780024B3DA /* DurationBase.cpp */,
				29CE92171B34EC780024B3DA /* DurationBase.h */,
				29BC6C451B368D0F009FC014 /* DurationBaseTest.cpp */,
				29154F641B2C7C9500DBE963 /* Instrument.cpp */,
				29154F651B2C7C9500DBE963 /* Instrument.h */,
				299DA3271B2F254A00254FFF /* Measure.cpp */,
				299DA3281B2F254A00254FFF /* Measure.h */,
				2940EA441B09B05800436F11 /* Movement.cpp */,
				2940EA451B09B05800436F11 /* Movement.h */,
				299DA32D1B2F274F00254FFF /* Note.cpp */,
				299DA32E1B2F274F00254FFF /* Note.h */,
				2949BC151B254C8400E760F4 /* Part.cpp */,
				2949BC161B254C8400E760F4 /* Part.h */,
				29154F671B2C7CE200DBE963 /* PartGroup.cpp */,
				29154F681B2C7CE200DBE963 /* PartGroup.h */,
				29154F611B2C790000DBE963 /* PartProperties.cpp */,
				29154F621B2C790000DBE963 /* PartProperties.h */,
				2949BC121B2549E100E760F4 /* PartStack.cpp */,
				2949BC131B2549E100E760F4 /* PartStack.h */,
				2940EA411B09B04E00436F11 /* Piece.cpp */,
				2940EA421B09B04E00436F11 /* Piece.h */,
				2907F86D1B33C84100ADC737 /* Rational.cpp */,
				2907F86E1B33C84100ADC737 /* Rational.h */,
				2907F8701B33C9E100ADC737 /* RationalTest.cpp */,
				299DA32A1B2F26B400254FFF /* TimeSignature.cpp */,
				299DA32B1B2F26B400254FFF /* TimeSignature.h */,
				29154F601B2C789100DBE963 /* TypeDefs.h */,
			);
			name = MusicClasses;
			sourceTree = "<group>";
		};
		29E77D3B1AECD19D008A51B0 = {
			isa = PBXGroup;
			children = (
				29154F6A1B2C7D4800DBE963 /* MusicClasses */,
				29E967471AF4813A00F0B9EC /* AcceptanceTests */,
				29E77D501AECD34C008A51B0 /* CppUnitLite */,
				29E77D451AECD19D008A51B0 /* Products */,
			);
			sourceTree = "<group>";
		};
		29E77D451AECD19D008A51B0 /* Products */ = {
			isa = PBXGroup;
			children = (
				29E77D441AECD19D008A51B0 /* MusicClasses */,
			);
			name = Products;
			sourceTree = "<group>";
		};
		29E77D501AECD34C008A51B0 /* CppUnitLite */ = {
			isa = PBXGroup;
			children = (
				29E967451AF4811F00F0B9EC /* main.cpp */,
				29E77D511AECD34C008A51B0 /* Failure.cpp */,
				29E77D521AECD34C008A51B0 /* Failure.h */,
				29E77D531AECD34C008A51B0 /* Test.cpp */,
				29E77D541AECD34C008A51B0 /* Test.h */,
				29E77D551AECD34C008A51B0 /* TestHarness.h */,
				29E77D561AECD34C008A51B0 /* TestRegistry.cpp */,
				29E77D571AECD34C008A51B0 /* TestRegistry.h */,
				29E77D581AECD34C008A51B0 /* TestResult.cpp */,
				29E77D591AECD34C008A51B0 /* TestResult.h */,
				29E77D5A1AECD34C008A51B0 /* TestSelector.h */,
			);
			path = CppUnitLite;
			sourceTree = "<group>";
		};
		29E967471AF4813A00F0B9EC /* AcceptanceTests */ = {
			isa = PBXGroup;
			children = (
				29E967481AF481D900F0B9EC /* PieceAcceptanceTest.cpp */,
				2949BC0F1B25467F00E760F4 /* MovementAcceptanceTest.cpp */,
			);
			name = AcceptanceTests;
			sourceTree = "<group>";
		};
/* End PBXGroup section */

/* Begin PBXNativeTarget section */
		29E77D431AECD19D008A51B0 /* MusicClasses */ = {
			isa = PBXNativeTarget;
			buildConfigurationList = 29E77D4D1AECD19D008A51B0 /* Build configuration list for PBXNativeTarget "MusicClasses" */;
			buildPhases = (
				29E77D401AECD19D008A51B0 /* Sources */,
				29E77D411AECD19D008A51B0 /* Frameworks */,
				29E77D421AECD19D008A51B0 /* CopyFiles */,
			);
			buildRules = (
			);
			dependencies = (
			);
			name = MusicClasses;
			productName = MusicClasses;
			productReference = 29E77D441AECD19D008A51B0 /* MusicClasses */;
			productType = "com.apple.product-type.tool";
		};
/* End PBXNativeTarget section */

/* Begin PBXProject section */
		29E77D3C1AECD19D008A51B0 /* Project object */ = {
			isa = PBXProject;
			attributes = {
				LastUpgradeCheck = 0510;
				ORGANIZATIONNAME = "Matthew James Briggs";
			};
			buildConfigurationList = 29E77D3F1AECD19D008A51B0 /* Build configuration list for PBXProject "MusicClasses" */;
			compatibilityVersion = "Xcode 3.2";
			developmentRegion = English;
			hasScannedForEncodings = 0;
			knownRegions = (
				en,
			);
			mainGroup = 29E77D3B1AECD19D008A51B0;
			productRefGroup = 29E77D451AECD19D008A51B0 /* Products */;
			projectDirPath = "";
			projectRoot = "";
			targets = (
				29E77D431AECD19D008A51B0 /* MusicClasses */,
			);
		};
/* End PBXProject section */

/* Begin PBXSourcesBuildPhase section */
		29E77D401AECD19D008A51B0 /* Sources */ = {
			isa = PBXSourcesBuildPhase;
			buildActionMask = 2147483647;
			files = (
				29BC6C461B368D0F009FC014 /* DurationBaseTest.cpp in Sources */,
				2940EA461B09B05800436F11 /* Movement.cpp in Sources */,
				2949BC141B2549E100E760F4 /* PartStack.cpp in Sources */,
				29E77D601AECD34C008A51B0 /* Failure.cpp in Sources */,
				299DA32C1B2F26B400254FFF /* TimeSignature.cpp in Sources */,
				29154F631B2C790000DBE963 /* PartProperties.cpp in Sources */,
				29E77D611AECD34C008A51B0 /* Test.cpp in Sources */,
				299DA3291B2F254A00254FFF /* Measure.cpp in Sources */,
				2907F86F1B33C84100ADC737 /* Rational.cpp in Sources */,
				2949BC111B25467F00E760F4 /* MovementAcceptanceTest.cpp in Sources */,
				299DA32F1B2F274F00254FFF /* Note.cpp in Sources */,
				2949BC171B254C8400E760F4 /* Part.cpp in Sources */,
				2940EA431B09B04E00436F11 /* Piece.cpp in Sources */,
				29CE92181B34EC780024B3DA /* DurationBase.cpp in Sources */,
				2907F8711B33C9E100ADC737 /* RationalTest.cpp in Sources */,
				29154F691B2C7CE200DBE963 /* PartGroup.cpp in Sources */,
				29E77D631AECD34C008A51B0 /* TestResult.cpp in Sources */,
				29154F661B2C7C9500DBE963 /* Instrument.cpp in Sources */,
				29E967491AF481D900F0B9EC /* PieceAcceptanceTest.cpp in Sources */,
				29E967461AF4811F00F0B9EC /* main.cpp in Sources */,
				29E77D621AECD34C008A51B0 /* TestRegistry.cpp in Sources */,
			);
			runOnlyForDeploymentPostprocessing = 0;
		};
/* End PBXSourcesBuildPhase section */

/* Begin XCBuildConfiguration section */
		29E77D4B1AECD19D008A51B0 /* Debug */ = {
			isa = XCBuildConfiguration;
			buildSettings = {
				ALWAYS_SEARCH_USER_PATHS = NO;
				CLANG_CXX_LANGUAGE_STANDARD = "gnu++0x";
				CLANG_CXX_LIBRARY = "libc++";
				CLANG_ENABLE_MODULES = YES;
				CLANG_ENABLE_OBJC_ARC = YES;
				CLANG_WARN_BOOL_CONVERSION = YES;
				CLANG_WARN_CONSTANT_CONVERSION = YES;
				CLANG_WARN_DIRECT_OBJC_ISA_USAGE = YES_ERROR;
				CLANG_WARN_EMPTY_BODY = YES;
				CLANG_WARN_ENUM_CONVERSION = YES;
				CLANG_WARN_INT_CONVERSION = YES;
				CLANG_WARN_OBJC_ROOT_CLASS = YES_ERROR;
				CLANG_WARN__DUPLICATE_METHOD_MATCH = YES;
				COPY_PHASE_STRIP = NO;
				GCC_C_LANGUAGE_STANDARD = gnu99;
				GCC_DYNAMIC_NO_PIC = NO;
				GCC_ENABLE_OBJC_EXCEPTIONS = YES;
				GCC_OPTIMIZATION_LEVEL = 0;
				GCC_PREPROCESSOR_DEFINITIONS = (
					"DEBUG=1",
					"$(inherited)",
				);
				GCC_SYMBOLS_PRIVATE_EXTERN = NO;
				GCC_WARN_64_TO_32_BIT_CONVERSION = YES;
				GCC_WARN_ABOUT_RETURN_TYPE = YES_ERROR;
				GCC_WARN_UNDECLARED_SELECTOR = YES;
				GCC_WARN_UNINITIALIZED_AUTOS = YES_AGGRESSIVE;
				GCC_WARN_UNUSED_FUNCTION = YES;
				GCC_WARN_UNUSED_VARIABLE = YES;
				MACOSX_DEPLOYMENT_TARGET = 10.9;
				ONLY_ACTIVE_ARCH = YES;
				SDKROOT = macosx;
			};
			name = Debug;
		};
		29E77D4C1AECD19D008A51B0 /* Release */ = {
			isa = XCBuildConfiguration;
			buildSettings = {
				ALWAYS_SEARCH_USER_PATHS = NO;
				CLANG_CXX_LANGUAGE_STANDARD = "gnu++0x";
				CLANG_CXX_LIBRARY = "libc++";
				CLANG_ENABLE_MODULES = YES;
				CLANG_ENABLE_OBJC_ARC = YES;
				CLANG_WARN_BOOL_CONVERSION = YES;
				CLANG_WARN_CONSTANT_CONVERSION = YES;
				CLANG_WARN_DIRECT_OBJC_ISA_USAGE = YES_ERROR;
				CLANG_WARN_EMPTY_BODY = YES;
				CLANG_WARN_ENUM_CONVERSION = YES;
				CLANG_WARN_INT_CONVERSION = YES;
				CLANG_WARN_OBJC_ROOT_CLASS = YES_ERROR;
				CLANG_WARN__DUPLICATE_METHOD_MATCH = YES;
				COPY_PHASE_STRIP = YES;
				DEBUG_INFORMATION_FORMAT = "dwarf-with-dsym";
				ENABLE_NS_ASSERTIONS = NO;
				GCC_C_LANGUAGE_STANDARD = gnu99;
				GCC_ENABLE_OBJC_EXCEPTIONS = YES;
				GCC_WARN_64_TO_32_BIT_CONVERSION = YES;
				GCC_WARN_ABOUT_RETURN_TYPE = YES_ERROR;
				GCC_WARN_UNDECLARED_SELECTOR = YES;
				GCC_WARN_UNINITIALIZED_AUTOS = YES_AGGRESSIVE;
				GCC_WARN_UNUSED_FUNCTION = YES;
				GCC_WARN_UNUSED_VARIABLE = YES;
				MACOSX_DEPLOYMENT_TARGET = 10.9;
				SDKROOT = macosx;
			};
			name = Release;
		};
		29E77D4E1AECD19D008A51B0 /* Debug */ = {
			isa = XCBuildConfiguration;
			buildSettings = {
				PRODUCT_NAME = "$(TARGET_NAME)";
				USER_HEADER_SEARCH_PATHS = "";
			};
			name = Debug;
		};
		29E77D4F1AECD19D008A51B0 /* Release */ = {
			isa = XCBuildConfiguration;
			buildSettings = {
				PRODUCT_NAME = "$(TARGET_NAME)";
				USER_HEADER_SEARCH_PATHS = "";
			};
			name = Release;
		};
/* End XCBuildConfiguration section */

/* Begin XCConfigurationList section */
		29E77D3F1AECD19D008A51B0 /* Build configuration list for PBXProject "MusicClasses" */ = {
			isa = XCConfigurationList;
			buildConfigurations = (
				29E77D4B1AECD19D008A51B0 /* Debug */,
				29E77D4C1AECD19D008A51B0 /* Release */,
			);
			defaultConfigurationIsVisible = 0;
			defaultConfigurationName = Release;
		};
		29E77D4D1AECD19D008A51B0 /* Build configuration list for PBXNativeTarget "MusicClasses" */ = {
			isa = XCConfigurationList;
			buildConfigurations = (
				29E77D4E1AECD19D008A51B0 /* Debug */,
				29E77D4F1AECD19D008A51B0 /* Release */,
			);
			defaultConfigurationIsVisible = 0;
			defaultConfigurationName = Release;
		};
/* End XCConfigurationList section */
	};
	rootObject = 29E77D3C1AECD19D008A51B0 /* Project object */;
}
