// !$*UTF8*$!
{
	archiveVersion = 1;
	classes = {
	};
	objectVersion = 46;
	objects = {

/* Begin PBXBuildFile section */
		292F01F91AEE0F2900482FDB /* PitchSpeciesSpelledTest.cpp in Sources */ = {isa = PBXBuildFile; fileRef = 292F01F71AEE0F2900482FDB /* PitchSpeciesSpelledTest.cpp */; };
		299810011AED606E0094DAE5 /* PitchStep.cpp in Sources */ = {isa = PBXBuildFile; fileRef = 29980FFF1AED606E0094DAE5 /* PitchStep.cpp */; };
		299810041AED607B0094DAE5 /* PitchStepTest.cpp in Sources */ = {isa = PBXBuildFile; fileRef = 299810021AED607B0094DAE5 /* PitchStepTest.cpp */; };
		2998100B1AED87DE0094DAE5 /* RangeIntTest.cpp in Sources */ = {isa = PBXBuildFile; fileRef = 299810091AED87DD0094DAE5 /* RangeIntTest.cpp */; };
		2998100E1AED8C4F0094DAE5 /* PitchAlter.cpp in Sources */ = {isa = PBXBuildFile; fileRef = 2998100C1AED8C4F0094DAE5 /* PitchAlter.cpp */; };
		299810111AED8E110094DAE5 /* PitchAlterTest.cpp in Sources */ = {isa = PBXBuildFile; fileRef = 2998100F1AED8E110094DAE5 /* PitchAlterTest.cpp */; };
		299810141AED90CA0094DAE5 /* PitchSpeciesSpelled.cpp in Sources */ = {isa = PBXBuildFile; fileRef = 299810121AED90CA0094DAE5 /* PitchSpeciesSpelled.cpp */; };
		2998101B1AED96600094DAE5 /* PitchSpellerInterfaceTest.cpp in Sources */ = {isa = PBXBuildFile; fileRef = 299810191AED96600094DAE5 /* PitchSpellerInterfaceTest.cpp */; };
		2998101E1AED9A520094DAE5 /* PitchSpellerDefault.cpp in Sources */ = {isa = PBXBuildFile; fileRef = 2998101C1AED9A520094DAE5 /* PitchSpellerDefault.cpp */; };
		29E77D601AECD34C008A51B0 /* Failure.cpp in Sources */ = {isa = PBXBuildFile; fileRef = 29E77D511AECD34C008A51B0 /* Failure.cpp */; };
		29E77D611AECD34C008A51B0 /* Test.cpp in Sources */ = {isa = PBXBuildFile; fileRef = 29E77D531AECD34C008A51B0 /* Test.cpp */; };
		29E77D621AECD34C008A51B0 /* TestRegistry.cpp in Sources */ = {isa = PBXBuildFile; fileRef = 29E77D561AECD34C008A51B0 /* TestRegistry.cpp */; };
		29E77D631AECD34C008A51B0 /* TestResult.cpp in Sources */ = {isa = PBXBuildFile; fileRef = 29E77D581AECD34C008A51B0 /* TestResult.cpp */; };
		29E77D641AECD34C008A51B0 /* main.cpp in Sources */ = {isa = PBXBuildFile; fileRef = 29E77D5C1AECD34C008A51B0 /* main.cpp */; };
		29E77D651AECD34C008A51B0 /* PitchSpecies.cpp in Sources */ = {isa = PBXBuildFile; fileRef = 29E77D5D1AECD34C008A51B0 /* PitchSpecies.cpp */; };
		29E77D661AECD34C008A51B0 /* PitchSpeciesTest.cpp in Sources */ = {isa = PBXBuildFile; fileRef = 29E77D5F1AECD34C008A51B0 /* PitchSpeciesTest.cpp */; };
/* End PBXBuildFile section */

/* Begin PBXCopyFilesBuildPhase section */
		29E77D421AECD19D008A51B0 /* CopyFiles */ = {
			isa = PBXCopyFilesBuildPhase;
			buildActionMask = 2147483647;
			dstPath = /usr/share/man/man1/;
			dstSubfolderSpec = 0;
			files = (
			);
			runOnlyForDeploymentPostprocessing = 1;
		};
/* End PBXCopyFilesBuildPhase section */

/* Begin PBXFileReference section */
		292F01F71AEE0F2900482FDB /* PitchSpeciesSpelledTest.cpp */ = {isa = PBXFileReference; fileEncoding = 4; lastKnownFileType = sourcecode.cpp.cpp; path = PitchSpeciesSpelledTest.cpp; sourceTree = "<group>"; };
		29980FFF1AED606E0094DAE5 /* PitchStep.cpp */ = {isa = PBXFileReference; fileEncoding = 4; lastKnownFileType = sourcecode.cpp.cpp; path = PitchStep.cpp; sourceTree = "<group>"; };
		299810001AED606E0094DAE5 /* PitchStep.h */ = {isa = PBXFileReference; fileEncoding = 4; lastKnownFileType = sourcecode.c.h; path = PitchStep.h; sourceTree = "<group>"; };
		299810021AED607B0094DAE5 /* PitchStepTest.cpp */ = {isa = PBXFileReference; fileEncoding = 4; lastKnownFileType = sourcecode.cpp.cpp; path = PitchStepTest.cpp; sourceTree = "<group>"; };
		299810071AED65120094DAE5 /* Mod.h */ = {isa = PBXFileReference; lastKnownFileType = sourcecode.c.h; path = Mod.h; sourceTree = "<group>"; };
		299810081AED848B0094DAE5 /* RangeInt.h */ = {isa = PBXFileReference; lastKnownFileType = sourcecode.c.h; path = RangeInt.h; sourceTree = "<group>"; };
		299810091AED87DD0094DAE5 /* RangeIntTest.cpp */ = {isa = PBXFileReference; fileEncoding = 4; lastKnownFileType = sourcecode.cpp.cpp; path = RangeIntTest.cpp; sourceTree = "<group>"; };
		2998100C1AED8C4F0094DAE5 /* PitchAlter.cpp */ = {isa = PBXFileReference; fileEncoding = 4; lastKnownFileType = sourcecode.cpp.cpp; path = PitchAlter.cpp; sourceTree = "<group>"; };
		2998100D1AED8C4F0094DAE5 /* PitchAlter.h */ = {isa = PBXFileReference; fileEncoding = 4; lastKnownFileType = sourcecode.c.h; path = PitchAlter.h; sourceTree = "<group>"; };
		2998100F1AED8E110094DAE5 /* PitchAlterTest.cpp */ = {isa = PBXFileReference; fileEncoding = 4; lastKnownFileType = sourcecode.cpp.cpp; path = PitchAlterTest.cpp; sourceTree = "<group>"; };
		299810121AED90CA0094DAE5 /* PitchSpeciesSpelled.cpp */ = {isa = PBXFileReference; fileEncoding = 4; lastKnownFileType = sourcecode.cpp.cpp; path = PitchSpeciesSpelled.cpp; sourceTree = "<group>"; };
		299810131AED90CA0094DAE5 /* PitchSpeciesSpelled.h */ = {isa = PBXFileReference; fileEncoding = 4; lastKnownFileType = sourcecode.c.h; path = PitchSpeciesSpelled.h; sourceTree = "<group>"; };
		299810171AED936C0094DAE5 /* PitchSpellerInterface.h */ = {isa = PBXFileReference; fileEncoding = 4; lastKnownFileType = sourcecode.c.h; path = PitchSpellerInterface.h; sourceTree = "<group>"; };
		299810191AED96600094DAE5 /* PitchSpellerInterfaceTest.cpp */ = {isa = PBXFileReference; fileEncoding = 4; lastKnownFileType = sourcecode.cpp.cpp; path = PitchSpellerInterfaceTest.cpp; sourceTree = "<group>"; };
		2998101C1AED9A520094DAE5 /* PitchSpellerDefault.cpp */ = {isa = PBXFileReference; fileEncoding = 4; lastKnownFileType = sourcecode.cpp.cpp; path = PitchSpellerDefault.cpp; sourceTree = "<group>"; };
		2998101D1AED9A520094DAE5 /* PitchSpellerDefault.h */ = {isa = PBXFileReference; fileEncoding = 4; lastKnownFileType = sourcecode.c.h; path = PitchSpellerDefault.h; sourceTree = "<group>"; };
		29E77D441AECD19D008A51B0 /* MusicClasses */ = {isa = PBXFileReference; explicitFileType = "compiled.mach-o.executable"; includeInIndex = 0; path = MusicClasses; sourceTree = BUILT_PRODUCTS_DIR; };
		29E77D511AECD34C008A51B0 /* Failure.cpp */ = {isa = PBXFileReference; fileEncoding = 4; lastKnownFileType = sourcecode.cpp.cpp; path = Failure.cpp; sourceTree = "<group>"; };
		29E77D521AECD34C008A51B0 /* Failure.h */ = {isa = PBXFileReference; fileEncoding = 4; lastKnownFileType = sourcecode.c.h; path = Failure.h; sourceTree = "<group>"; };
		29E77D531AECD34C008A51B0 /* Test.cpp */ = {isa = PBXFileReference; fileEncoding = 4; lastKnownFileType = sourcecode.cpp.cpp; path = Test.cpp; sourceTree = "<group>"; };
		29E77D541AECD34C008A51B0 /* Test.h */ = {isa = PBXFileReference; fileEncoding = 4; lastKnownFileType = sourcecode.c.h; path = Test.h; sourceTree = "<group>"; };
		29E77D551AECD34C008A51B0 /* TestHarness.h */ = {isa = PBXFileReference; fileEncoding = 4; lastKnownFileType = sourcecode.c.h; path = TestHarness.h; sourceTree = "<group>"; };
		29E77D561AECD34C008A51B0 /* TestRegistry.cpp */ = {isa = PBXFileReference; fileEncoding = 4; lastKnownFileType = sourcecode.cpp.cpp; path = TestRegistry.cpp; sourceTree = "<group>"; };
		29E77D571AECD34C008A51B0 /* TestRegistry.h */ = {isa = PBXFileReference; fileEncoding = 4; lastKnownFileType = sourcecode.c.h; path = TestRegistry.h; sourceTree = "<group>"; };
		29E77D581AECD34C008A51B0 /* TestResult.cpp */ = {isa = PBXFileReference; fileEncoding = 4; lastKnownFileType = sourcecode.cpp.cpp; path = TestResult.cpp; sourceTree = "<group>"; };
		29E77D591AECD34C008A51B0 /* TestResult.h */ = {isa = PBXFileReference; fileEncoding = 4; lastKnownFileType = sourcecode.c.h; path = TestResult.h; sourceTree = "<group>"; };
		29E77D5A1AECD34C008A51B0 /* TestSelector.h */ = {isa = PBXFileReference; fileEncoding = 4; lastKnownFileType = sourcecode.c.h; path = TestSelector.h; sourceTree = "<group>"; };
		29E77D5B1AECD34C008A51B0 /* Definitions.h */ = {isa = PBXFileReference; fileEncoding = 4; lastKnownFileType = sourcecode.c.h; path = Definitions.h; sourceTree = "<group>"; };
		29E77D5C1AECD34C008A51B0 /* main.cpp */ = {isa = PBXFileReference; fileEncoding = 4; lastKnownFileType = sourcecode.cpp.cpp; name = main.cpp; path = ../main.cpp; sourceTree = "<group>"; };
		29E77D5D1AECD34C008A51B0 /* PitchSpecies.cpp */ = {isa = PBXFileReference; fileEncoding = 4; lastKnownFileType = sourcecode.cpp.cpp; path = PitchSpecies.cpp; sourceTree = "<group>"; };
		29E77D5E1AECD34C008A51B0 /* PitchSpecies.h */ = {isa = PBXFileReference; fileEncoding = 4; lastKnownFileType = sourcecode.c.h; path = PitchSpecies.h; sourceTree = "<group>"; };
		29E77D5F1AECD34C008A51B0 /* PitchSpeciesTest.cpp */ = {isa = PBXFileReference; fileEncoding = 4; lastKnownFileType = sourcecode.cpp.cpp; path = PitchSpeciesTest.cpp; sourceTree = "<group>"; };
/* End PBXFileReference section */

/* Begin PBXFrameworksBuildPhase section */
		29E77D411AECD19D008A51B0 /* Frameworks */ = {
			isa = PBXFrameworksBuildPhase;
			buildActionMask = 2147483647;
			files = (
			);
			runOnlyForDeploymentPostprocessing = 0;
		};
/* End PBXFrameworksBuildPhase section */

/* Begin PBXGroup section */
		2998101F1AED9BC90094DAE5 /* Pitch */ = {
			isa = PBXGroup;
			children = (
				2998100C1AED8C4F0094DAE5 /* PitchAlter.cpp */,
				2998100D1AED8C4F0094DAE5 /* PitchAlter.h */,
				2998100F1AED8E110094DAE5 /* PitchAlterTest.cpp */,
				29E77D5D1AECD34C008A51B0 /* PitchSpecies.cpp */,
				29E77D5E1AECD34C008A51B0 /* PitchSpecies.h */,
				299810121AED90CA0094DAE5 /* PitchSpeciesSpelled.cpp */,
				299810131AED90CA0094DAE5 /* PitchSpeciesSpelled.h */,
				29E77D5F1AECD34C008A51B0 /* PitchSpeciesTest.cpp */,
				2998101C1AED9A520094DAE5 /* PitchSpellerDefault.cpp */,
				2998101D1AED9A520094DAE5 /* PitchSpellerDefault.h */,
				299810171AED936C0094DAE5 /* PitchSpellerInterface.h */,
				299810191AED96600094DAE5 /* PitchSpellerInterfaceTest.cpp */,
				29980FFF1AED606E0094DAE5 /* PitchStep.cpp */,
				299810001AED606E0094DAE5 /* PitchStep.h */,
				299810021AED607B0094DAE5 /* PitchStepTest.cpp */,
			);
			name = Pitch;
			sourceTree = "<group>";
		};
		299810201AED9BDF0094DAE5 /* Primitive */ = {
			isa = PBXGroup;
			children = (
				29E77D5B1AECD34C008A51B0 /* Definitions.h */,
				299810071AED65120094DAE5 /* Mod.h */,
				299810081AED848B0094DAE5 /* RangeInt.h */,
				299810091AED87DD0094DAE5 /* RangeIntTest.cpp */,
			);
			name = Primitive;
			sourceTree = "<group>";
		};
		29E77D3B1AECD19D008A51B0 = {
			isa = PBXGroup;
			children = (
				292F01F71AEE0F2900482FDB /* PitchSpeciesSpelledTest.cpp */,
				299810201AED9BDF0094DAE5 /* Primitive */,
				2998101F1AED9BC90094DAE5 /* Pitch */,
				29E77D501AECD34C008A51B0 /* CppUnitLite */,
				29E77D451AECD19D008A51B0 /* Products */,
			);
			sourceTree = "<group>";
		};
		29E77D451AECD19D008A51B0 /* Products */ = {
			isa = PBXGroup;
			children = (
				29E77D441AECD19D008A51B0 /* MusicClasses */,
			);
			name = Products;
			sourceTree = "<group>";
		};
		29E77D501AECD34C008A51B0 /* CppUnitLite */ = {
			isa = PBXGroup;
			children = (
				29E77D511AECD34C008A51B0 /* Failure.cpp */,
				29E77D521AECD34C008A51B0 /* Failure.h */,
				29E77D5C1AECD34C008A51B0 /* main.cpp */,
				29E77D531AECD34C008A51B0 /* Test.cpp */,
				29E77D541AECD34C008A51B0 /* Test.h */,
				29E77D551AECD34C008A51B0 /* TestHarness.h */,
				29E77D561AECD34C008A51B0 /* TestRegistry.cpp */,
				29E77D571AECD34C008A51B0 /* TestRegistry.h */,
				29E77D581AECD34C008A51B0 /* TestResult.cpp */,
				29E77D591AECD34C008A51B0 /* TestResult.h */,
				29E77D5A1AECD34C008A51B0 /* TestSelector.h */,
			);
			path = CppUnitLite;
			sourceTree = "<group>";
		};
/* End PBXGroup section */

/* Begin PBXNativeTarget section */
		29E77D431AECD19D008A51B0 /* MusicClasses */ = {
			isa = PBXNativeTarget;
			buildConfigurationList = 29E77D4D1AECD19D008A51B0 /* Build configuration list for PBXNativeTarget "MusicClasses" */;
			buildPhases = (
				29E77D401AECD19D008A51B0 /* Sources */,
				29E77D411AECD19D008A51B0 /* Frameworks */,
				29E77D421AECD19D008A51B0 /* CopyFiles */,
			);
			buildRules = (
			);
			dependencies = (
			);
			name = MusicClasses;
			productName = MusicClasses;
			productReference = 29E77D441AECD19D008A51B0 /* MusicClasses */;
			productType = "com.apple.product-type.tool";
		};
/* End PBXNativeTarget section */

/* Begin PBXProject section */
		29E77D3C1AECD19D008A51B0 /* Project object */ = {
			isa = PBXProject;
			attributes = {
				LastUpgradeCheck = 0510;
				ORGANIZATIONNAME = "Matthew James Briggs";
			};
			buildConfigurationList = 29E77D3F1AECD19D008A51B0 /* Build configuration list for PBXProject "MusicClasses" */;
			compatibilityVersion = "Xcode 3.2";
			developmentRegion = English;
			hasScannedForEncodings = 0;
			knownRegions = (
				en,
			);
			mainGroup = 29E77D3B1AECD19D008A51B0;
			productRefGroup = 29E77D451AECD19D008A51B0 /* Products */;
			projectDirPath = "";
			projectRoot = "";
			targets = (
				29E77D431AECD19D008A51B0 /* MusicClasses */,
			);
		};
/* End PBXProject section */

/* Begin PBXSourcesBuildPhase section */
		29E77D401AECD19D008A51B0 /* Sources */ = {
			isa = PBXSourcesBuildPhase;
			buildActionMask = 2147483647;
			files = (
				29E77D601AECD34C008A51B0 /* Failure.cpp in Sources */,
				29E77D611AECD34C008A51B0 /* Test.cpp in Sources */,
				2998101B1AED96600094DAE5 /* PitchSpellerInterfaceTest.cpp in Sources */,
				299810011AED606E0094DAE5 /* PitchStep.cpp in Sources */,
				2998101E1AED9A520094DAE5 /* PitchSpellerDefault.cpp in Sources */,
				2998100B1AED87DE0094DAE5 /* RangeIntTest.cpp in Sources */,
				299810041AED607B0094DAE5 /* PitchStepTest.cpp in Sources */,
				29E77D631AECD34C008A51B0 /* TestResult.cpp in Sources */,
				29E77D651AECD34C008A51B0 /* PitchSpecies.cpp in Sources */,
				292F01F91AEE0F2900482FDB /* PitchSpeciesSpelledTest.cpp in Sources */,
				299810111AED8E110094DAE5 /* PitchAlterTest.cpp in Sources */,
				29E77D641AECD34C008A51B0 /* main.cpp in Sources */,
				2998100E1AED8C4F0094DAE5 /* PitchAlter.cpp in Sources */,
				299810141AED90CA0094DAE5 /* PitchSpeciesSpelled.cpp in Sources */,
				29E77D661AECD34C008A51B0 /* PitchSpeciesTest.cpp in Sources */,
				29E77D621AECD34C008A51B0 /* TestRegistry.cpp in Sources */,
			);
			runOnlyForDeploymentPostprocessing = 0;
		};
/* End PBXSourcesBuildPhase section */

/* Begin XCBuildConfiguration section */
		29E77D4B1AECD19D008A51B0 /* Debug */ = {
			isa = XCBuildConfiguration;
			buildSettings = {
				ALWAYS_SEARCH_USER_PATHS = NO;
				CLANG_CXX_LANGUAGE_STANDARD = "gnu++0x";
				CLANG_CXX_LIBRARY = "libc++";
				CLANG_ENABLE_MODULES = YES;
				CLANG_ENABLE_OBJC_ARC = YES;
				CLANG_WARN_BOOL_CONVERSION = YES;
				CLANG_WARN_CONSTANT_CONVERSION = YES;
				CLANG_WARN_DIRECT_OBJC_ISA_USAGE = YES_ERROR;
				CLANG_WARN_EMPTY_BODY = YES;
				CLANG_WARN_ENUM_CONVERSION = YES;
				CLANG_WARN_INT_CONVERSION = YES;
				CLANG_WARN_OBJC_ROOT_CLASS = YES_ERROR;
				CLANG_WARN__DUPLICATE_METHOD_MATCH = YES;
				COPY_PHASE_STRIP = NO;
				GCC_C_LANGUAGE_STANDARD = gnu99;
				GCC_DYNAMIC_NO_PIC = NO;
				GCC_ENABLE_OBJC_EXCEPTIONS = YES;
				GCC_OPTIMIZATION_LEVEL = 0;
				GCC_PREPROCESSOR_DEFINITIONS = (
					"DEBUG=1",
					"$(inherited)",
				);
				GCC_SYMBOLS_PRIVATE_EXTERN = NO;
				GCC_WARN_64_TO_32_BIT_CONVERSION = YES;
				GCC_WARN_ABOUT_RETURN_TYPE = YES_ERROR;
				GCC_WARN_UNDECLARED_SELECTOR = YES;
				GCC_WARN_UNINITIALIZED_AUTOS = YES_AGGRESSIVE;
				GCC_WARN_UNUSED_FUNCTION = YES;
				GCC_WARN_UNUSED_VARIABLE = YES;
				MACOSX_DEPLOYMENT_TARGET = 10.9;
				ONLY_ACTIVE_ARCH = YES;
				SDKROOT = macosx;
			};
			name = Debug;
		};
		29E77D4C1AECD19D008A51B0 /* Release */ = {
			isa = XCBuildConfiguration;
			buildSettings = {
				ALWAYS_SEARCH_USER_PATHS = NO;
				CLANG_CXX_LANGUAGE_STANDARD = "gnu++0x";
				CLANG_CXX_LIBRARY = "libc++";
				CLANG_ENABLE_MODULES = YES;
				CLANG_ENABLE_OBJC_ARC = YES;
				CLANG_WARN_BOOL_CONVERSION = YES;
				CLANG_WARN_CONSTANT_CONVERSION = YES;
				CLANG_WARN_DIRECT_OBJC_ISA_USAGE = YES_ERROR;
				CLANG_WARN_EMPTY_BODY = YES;
				CLANG_WARN_ENUM_CONVERSION = YES;
				CLANG_WARN_INT_CONVERSION = YES;
				CLANG_WARN_OBJC_ROOT_CLASS = YES_ERROR;
				CLANG_WARN__DUPLICATE_METHOD_MATCH = YES;
				COPY_PHASE_STRIP = YES;
				DEBUG_INFORMATION_FORMAT = "dwarf-with-dsym";
				ENABLE_NS_ASSERTIONS = NO;
				GCC_C_LANGUAGE_STANDARD = gnu99;
				GCC_ENABLE_OBJC_EXCEPTIONS = YES;
				GCC_WARN_64_TO_32_BIT_CONVERSION = YES;
				GCC_WARN_ABOUT_RETURN_TYPE = YES_ERROR;
				GCC_WARN_UNDECLARED_SELECTOR = YES;
				GCC_WARN_UNINITIALIZED_AUTOS = YES_AGGRESSIVE;
				GCC_WARN_UNUSED_FUNCTION = YES;
				GCC_WARN_UNUSED_VARIABLE = YES;
				MACOSX_DEPLOYMENT_TARGET = 10.9;
				SDKROOT = macosx;
			};
			name = Release;
		};
		29E77D4E1AECD19D008A51B0 /* Debug */ = {
			isa = XCBuildConfiguration;
			buildSettings = {
				PRODUCT_NAME = "$(TARGET_NAME)";
			};
			name = Debug;
		};
		29E77D4F1AECD19D008A51B0 /* Release */ = {
			isa = XCBuildConfiguration;
			buildSettings = {
				PRODUCT_NAME = "$(TARGET_NAME)";
			};
			name = Release;
		};
/* End XCBuildConfiguration section */

/* Begin XCConfigurationList section */
		29E77D3F1AECD19D008A51B0 /* Build configuration list for PBXProject "MusicClasses" */ = {
			isa = XCConfigurationList;
			buildConfigurations = (
				29E77D4B1AECD19D008A51B0 /* Debug */,
				29E77D4C1AECD19D008A51B0 /* Release */,
			);
			defaultConfigurationIsVisible = 0;
			defaultConfigurationName = Release;
		};
		29E77D4D1AECD19D008A51B0 /* Build configuration list for PBXNativeTarget "MusicClasses" */ = {
			isa = XCConfigurationList;
			buildConfigurations = (
				29E77D4E1AECD19D008A51B0 /* Debug */,
				29E77D4F1AECD19D008A51B0 /* Release */,
			);
			defaultConfigurationIsVisible = 0;
			defaultConfigurationName = Release;
		};
/* End XCConfigurationList section */
	};
	rootObject = 29E77D3C1AECD19D008A51B0 /* Project object */;
}
