// !$*UTF8*$!
{
	archiveVersion = 1;
	classes = {
	};
	objectVersion = 46;
	objects = {

/* Begin PBXBuildFile section */
		290989D21C0395A30040138E /* TestDurationFactory.cpp in Sources */ = {isa = PBXBuildFile; fileRef = 290989D11C0395A30040138E /* TestDurationFactory.cpp */; };
		290989D41C0398FD0040138E /* TestIDurDot.cpp in Sources */ = {isa = PBXBuildFile; fileRef = 290989D31C0398FD0040138E /* TestIDurDot.cpp */; };
		290D2A7D1C5DE85700F9BC13 /* TestPitchFactory.cpp in Sources */ = {isa = PBXBuildFile; fileRef = 290D2A7C1C5DE85700F9BC13 /* TestPitchFactory.cpp */; };
		291E421B1C6673CB004C3432 /* TestTimeSignature.cpp in Sources */ = {isa = PBXBuildFile; fileRef = 291E42191C6673CB004C3432 /* TestTimeSignature.cpp */; };
		291E421C1C6673CB004C3432 /* TestTimeSignatureFactory.cpp in Sources */ = {isa = PBXBuildFile; fileRef = 291E421A1C6673CB004C3432 /* TestTimeSignatureFactory.cpp */; };
		292348311C3E36D6002494EC /* TestNote.cpp in Sources */ = {isa = PBXBuildFile; fileRef = 292348301C3E36D6002494EC /* TestNote.cpp */; };
		2926C87C1C0D785500C5D4C0 /* TestIDuration.cpp in Sources */ = {isa = PBXBuildFile; fileRef = 2926C87B1C0D785500C5D4C0 /* TestIDuration.cpp */; };
		29283D971C7943F100734CAC /* TestNoteGroupImpl.cpp in Sources */ = {isa = PBXBuildFile; fileRef = 29283D961C7943F100734CAC /* TestNoteGroupImpl.cpp */; };
		2928FAFE1C54979000644429 /* TestForwardDec.cpp in Sources */ = {isa = PBXBuildFile; fileRef = 2928FAFD1C54979000644429 /* TestForwardDec.cpp */; };
		2928FB011C5531EE00644429 /* TestNoteGroup.cpp in Sources */ = {isa = PBXBuildFile; fileRef = 2928FB001C5531EE00644429 /* TestNoteGroup.cpp */; };
		2928FB061C55437300644429 /* MockNoteGroup.cpp in Sources */ = {isa = PBXBuildFile; fileRef = 2928FB051C55437300644429 /* MockNoteGroup.cpp */; };
		293F25E11C09B12D006096F2 /* TestToShared.cpp in Sources */ = {isa = PBXBuildFile; fileRef = 293F25E01C09B12D006096F2 /* TestToShared.cpp */; };
		296379861C67B5A300760195 /* TestCollection.cpp in Sources */ = {isa = PBXBuildFile; fileRef = 296379851C67B5A300760195 /* TestCollection.cpp */; };
		296D728F1BF8EB960049B0EA /* TestDurBaseEighth.cpp in Sources */ = {isa = PBXBuildFile; fileRef = 296D72841BF8EB960049B0EA /* TestDurBaseEighth.cpp */; };
		296D72901BF8EB960049B0EA /* TestDurBase16th.cpp in Sources */ = {isa = PBXBuildFile; fileRef = 296D72851BF8EB960049B0EA /* TestDurBase16th.cpp */; };
		296D72911BF8EB960049B0EA /* TestDurBase32nd.cpp in Sources */ = {isa = PBXBuildFile; fileRef = 296D72861BF8EB960049B0EA /* TestDurBase32nd.cpp */; };
		296D72921BF8EB960049B0EA /* TestDurBase64th.cpp in Sources */ = {isa = PBXBuildFile; fileRef = 296D72871BF8EB960049B0EA /* TestDurBase64th.cpp */; };
		296D72931BF8EB960049B0EA /* TestDurBase128th.cpp in Sources */ = {isa = PBXBuildFile; fileRef = 296D72881BF8EB960049B0EA /* TestDurBase128th.cpp */; };
		296D72941BF8EB960049B0EA /* TestDurBase256th.cpp in Sources */ = {isa = PBXBuildFile; fileRef = 296D72891BF8EB960049B0EA /* TestDurBase256th.cpp */; };
		296D72951BF8EB960049B0EA /* TestDurBaseBreve.cpp in Sources */ = {isa = PBXBuildFile; fileRef = 296D728A1BF8EB960049B0EA /* TestDurBaseBreve.cpp */; };
		296D72961BF8EB960049B0EA /* TestDurBaseHalf.cpp in Sources */ = {isa = PBXBuildFile; fileRef = 296D728B1BF8EB960049B0EA /* TestDurBaseHalf.cpp */; };
		296D72971BF8EB960049B0EA /* TestDurBaseLonga.cpp in Sources */ = {isa = PBXBuildFile; fileRef = 296D728C1BF8EB960049B0EA /* TestDurBaseLonga.cpp */; };
		296D72981BF8EB960049B0EA /* TestDurBaseQuarter.cpp in Sources */ = {isa = PBXBuildFile; fileRef = 296D728D1BF8EB960049B0EA /* TestDurBaseQuarter.cpp */; };
		296D72991BF8EB960049B0EA /* TestDurBaseWhole.cpp in Sources */ = {isa = PBXBuildFile; fileRef = 296D728E1BF8EB960049B0EA /* TestDurBaseWhole.cpp */; };
		298227471BF99B2400277C67 /* TestCopyTo.cpp in Sources */ = {isa = PBXBuildFile; fileRef = 298227461BF99B2400277C67 /* TestCopyTo.cpp */; };
		298227491BF99B4500277C67 /* TestMakeUnique.cpp in Sources */ = {isa = PBXBuildFile; fileRef = 298227481BF99B4500277C67 /* TestMakeUnique.cpp */; };
		29935EAA1BE6C18C0003552B /* MockDurBase.cpp in Sources */ = {isa = PBXBuildFile; fileRef = 29935EA81BE6C18C0003552B /* MockDurBase.cpp */; };
		29935EAD1BE6C3700003552B /* MockDurBaseFactory.cpp in Sources */ = {isa = PBXBuildFile; fileRef = 29935EAB1BE6C3700003552B /* MockDurBaseFactory.cpp */; };
		29CAD3FF1BE6613400C0CA90 /* cpulFailure.cpp in Sources */ = {isa = PBXBuildFile; fileRef = 29CAD3F41BE6613400C0CA90 /* cpulFailure.cpp */; };
		29CAD4001BE6613400C0CA90 /* cpulRun.cpp in Sources */ = {isa = PBXBuildFile; fileRef = 29CAD3F51BE6613400C0CA90 /* cpulRun.cpp */; };
		29CAD4011BE6613400C0CA90 /* cpulTest.cpp in Sources */ = {isa = PBXBuildFile; fileRef = 29CAD3F71BE6613400C0CA90 /* cpulTest.cpp */; };
		29CAD4021BE6613400C0CA90 /* cpulTestRegistry.cpp in Sources */ = {isa = PBXBuildFile; fileRef = 29CAD3F91BE6613400C0CA90 /* cpulTestRegistry.cpp */; };
		29CAD4031BE6613400C0CA90 /* cpulTestResult.cpp in Sources */ = {isa = PBXBuildFile; fileRef = 29CAD3FA1BE6613400C0CA90 /* cpulTestResult.cpp */; };
		29CAD4041BE6613400C0CA90 /* main.cpp in Sources */ = {isa = PBXBuildFile; fileRef = 29CAD3FB1BE6613400C0CA90 /* main.cpp */; };
		29CAD4201BE661B400C0CA90 /* TestAlter.cpp in Sources */ = {isa = PBXBuildFile; fileRef = 29CAD4051BE661B400C0CA90 /* TestAlter.cpp */; };
		29CAD42D1BE661B400C0CA90 /* TestEnum.cpp in Sources */ = {isa = PBXBuildFile; fileRef = 29CAD4121BE661B400C0CA90 /* TestEnum.cpp */; };
		29CAD42E1BE661B400C0CA90 /* TestIAlter.cpp in Sources */ = {isa = PBXBuildFile; fileRef = 29CAD4131BE661B400C0CA90 /* TestIAlter.cpp */; };
		29CAD42F1BE661B400C0CA90 /* TestIDurBase.cpp in Sources */ = {isa = PBXBuildFile; fileRef = 29CAD4141BE661B400C0CA90 /* TestIDurBase.cpp */; };
		29CAD4301BE661B400C0CA90 /* TestIDurBaseFactory.cpp in Sources */ = {isa = PBXBuildFile; fileRef = 29CAD4151BE661B400C0CA90 /* TestIDurBaseFactory.cpp */; };
		29CAD4311BE661B400C0CA90 /* TestIEnum.cpp in Sources */ = {isa = PBXBuildFile; fileRef = 29CAD4161BE661B400C0CA90 /* TestIEnum.cpp */; };
		29CAD4321BE661B400C0CA90 /* TestIPitch.cpp in Sources */ = {isa = PBXBuildFile; fileRef = 29CAD4171BE661B400C0CA90 /* TestIPitch.cpp */; };
		29CAD4331BE661B400C0CA90 /* TestIPitchFactory.cpp in Sources */ = {isa = PBXBuildFile; fileRef = 29CAD4181BE661B400C0CA90 /* TestIPitchFactory.cpp */; };
		29CAD4341BE661B400C0CA90 /* TestIPitchName.cpp in Sources */ = {isa = PBXBuildFile; fileRef = 29CAD4191BE661B400C0CA90 /* TestIPitchName.cpp */; };
		29CAD4351BE661B400C0CA90 /* TestIStep.cpp in Sources */ = {isa = PBXBuildFile; fileRef = 29CAD41A1BE661B400C0CA90 /* TestIStep.cpp */; };
		29CAD4361BE661B400C0CA90 /* TestMod.cpp in Sources */ = {isa = PBXBuildFile; fileRef = 29CAD41B1BE661B400C0CA90 /* TestMod.cpp */; };
		29CAD4371BE661B400C0CA90 /* TestPitch.cpp in Sources */ = {isa = PBXBuildFile; fileRef = 29CAD41C1BE661B400C0CA90 /* TestPitch.cpp */; };
		29CAD4381BE661B400C0CA90 /* TestPitchName.cpp in Sources */ = {isa = PBXBuildFile; fileRef = 29CAD41D1BE661B400C0CA90 /* TestPitchName.cpp */; };
		29CAD4391BE661B400C0CA90 /* TestRational.cpp in Sources */ = {isa = PBXBuildFile; fileRef = 29CAD41E1BE661B400C0CA90 /* TestRational.cpp */; };
		29CAD43A1BE661B400C0CA90 /* TestStep.cpp in Sources */ = {isa = PBXBuildFile; fileRef = 29CAD41F1BE661B400C0CA90 /* TestStep.cpp */; };
		29CAD43C1BE661D500C0CA90 /* libLyre.a in Frameworks */ = {isa = PBXBuildFile; fileRef = 29CAD43B1BE661D500C0CA90 /* libLyre.a */; };
		29CAD44D1BE6673C00C0CA90 /* MockAlter.cpp in Sources */ = {isa = PBXBuildFile; fileRef = 29CAD4411BE6673C00C0CA90 /* MockAlter.cpp */; };
		29CAD44E1BE6673C00C0CA90 /* MockEnum.cpp in Sources */ = {isa = PBXBuildFile; fileRef = 29CAD4431BE6673C00C0CA90 /* MockEnum.cpp */; };
		29CAD44F1BE6673C00C0CA90 /* MockPitch.cpp in Sources */ = {isa = PBXBuildFile; fileRef = 29CAD4451BE6673C00C0CA90 /* MockPitch.cpp */; };
		29CAD4501BE6673C00C0CA90 /* MockPitchFactory.cpp in Sources */ = {isa = PBXBuildFile; fileRef = 29CAD4471BE6673C00C0CA90 /* MockPitchFactory.cpp */; };
		29CAD4511BE6673C00C0CA90 /* MockPitchName.cpp in Sources */ = {isa = PBXBuildFile; fileRef = 29CAD4491BE6673C00C0CA90 /* MockPitchName.cpp */; };
		29CAD4521BE6673C00C0CA90 /* MockStep.cpp in Sources */ = {isa = PBXBuildFile; fileRef = 29CAD44B1BE6673C00C0CA90 /* MockStep.cpp */; };
		29CAD4551BE66B0800C0CA90 /* MockEnumCats.cpp in Sources */ = {isa = PBXBuildFile; fileRef = 29CAD4531BE66B0800C0CA90 /* MockEnumCats.cpp */; };
		29E4D2201C06C5260038E6FC /* TestITupletDef.cpp in Sources */ = {isa = PBXBuildFile; fileRef = 29E4D21E1C06C5260038E6FC /* TestITupletDef.cpp */; };
		29E4D2211C06C5260038E6FC /* TestITupletDefFactory.cpp in Sources */ = {isa = PBXBuildFile; fileRef = 29E4D21F1C06C5260038E6FC /* TestITupletDefFactory.cpp */; };
		29F3B5171C0223C100746DA5 /* TestThrow.cpp in Sources */ = {isa = PBXBuildFile; fileRef = 29F3B5161C0223C100746DA5 /* TestThrow.cpp */; };
		29F3B5191C022AD300746DA5 /* TestDurBaseFactory.cpp in Sources */ = {isa = PBXBuildFile; fileRef = 29F3B5181C022AD300746DA5 /* TestDurBaseFactory.cpp */; };
		29FE9DC81C66C86C00BE0787 /* TestBeatPattern.cpp in Sources */ = {isa = PBXBuildFile; fileRef = 29FE9DC61C66C86C00BE0787 /* TestBeatPattern.cpp */; };
		29FE9DC91C66C86C00BE0787 /* TestBeatPatternFactory.cpp in Sources */ = {isa = PBXBuildFile; fileRef = 29FE9DC71C66C86C00BE0787 /* TestBeatPatternFactory.cpp */; };
/* End PBXBuildFile section */

/* Begin PBXCopyFilesBuildPhase section */
		29CAD3E51BE6610F00C0CA90 /* CopyFiles */ = {
			isa = PBXCopyFilesBuildPhase;
			buildActionMask = 2147483647;
			dstPath = /usr/share/man/man1/;
			dstSubfolderSpec = 0;
			files = (
			);
			runOnlyForDeploymentPostprocessing = 1;
		};
/* End PBXCopyFilesBuildPhase section */

/* Begin PBXFileReference section */
		290989D11C0395A30040138E /* TestDurationFactory.cpp */ = {isa = PBXFileReference; fileEncoding = 4; lastKnownFileType = sourcecode.cpp.cpp; name = TestDurationFactory.cpp; path = ../../Sourcecode/LyreTest/Tests/TestDurationFactory.cpp; sourceTree = "<group>"; };
		290989D31C0398FD0040138E /* TestIDurDot.cpp */ = {isa = PBXFileReference; fileEncoding = 4; lastKnownFileType = sourcecode.cpp.cpp; name = TestIDurDot.cpp; path = ../../Sourcecode/LyreTest/Tests/TestIDurDot.cpp; sourceTree = "<group>"; };
		290D2A7C1C5DE85700F9BC13 /* TestPitchFactory.cpp */ = {isa = PBXFileReference; fileEncoding = 4; lastKnownFileType = sourcecode.cpp.cpp; name = TestPitchFactory.cpp; path = ../../Sourcecode/LyreTest/Tests/TestPitchFactory.cpp; sourceTree = "<group>"; };
		291E42191C6673CB004C3432 /* TestTimeSignature.cpp */ = {isa = PBXFileReference; fileEncoding = 4; lastKnownFileType = sourcecode.cpp.cpp; name = TestTimeSignature.cpp; path = ../../Sourcecode/LyreTest/Tests/TestTimeSignature.cpp; sourceTree = "<group>"; };
		291E421A1C6673CB004C3432 /* TestTimeSignatureFactory.cpp */ = {isa = PBXFileReference; fileEncoding = 4; lastKnownFileType = sourcecode.cpp.cpp; name = TestTimeSignatureFactory.cpp; path = ../../Sourcecode/LyreTest/Tests/TestTimeSignatureFactory.cpp; sourceTree = "<group>"; };
		292348301C3E36D6002494EC /* TestNote.cpp */ = {isa = PBXFileReference; fileEncoding = 4; lastKnownFileType = sourcecode.cpp.cpp; name = TestNote.cpp; path = ../../Sourcecode/LyreTest/Tests/TestNote.cpp; sourceTree = "<group>"; };
		2926C87B1C0D785500C5D4C0 /* TestIDuration.cpp */ = {isa = PBXFileReference; fileEncoding = 4; lastKnownFileType = sourcecode.cpp.cpp; name = TestIDuration.cpp; path = ../../Sourcecode/LyreTest/Tests/TestIDuration.cpp; sourceTree = "<group>"; };
		29283D961C7943F100734CAC /* TestNoteGroupImpl.cpp */ = {isa = PBXFileReference; fileEncoding = 4; lastKnownFileType = sourcecode.cpp.cpp; name = TestNoteGroupImpl.cpp; path = ../../Sourcecode/LyreTest/Tests/TestNoteGroupImpl.cpp; sourceTree = "<group>"; };
		2928FAFD1C54979000644429 /* TestForwardDec.cpp */ = {isa = PBXFileReference; fileEncoding = 4; lastKnownFileType = sourcecode.cpp.cpp; name = TestForwardDec.cpp; path = ../../Sourcecode/LyreTest/Tests/TestForwardDec.cpp; sourceTree = "<group>"; };
		2928FB001C5531EE00644429 /* TestNoteGroup.cpp */ = {isa = PBXFileReference; fileEncoding = 4; lastKnownFileType = sourcecode.cpp.cpp; name = TestNoteGroup.cpp; path = ../../Sourcecode/LyreTest/Tests/TestNoteGroup.cpp; sourceTree = "<group>"; };
		2928FB031C55426E00644429 /* MockNoteGroup.h */ = {isa = PBXFileReference; fileEncoding = 4; lastKnownFileType = sourcecode.c.h; name = MockNoteGroup.h; path = ../../Sourcecode/LyreTest/Mock/MockNoteGroup.h; sourceTree = "<group>"; };
		2928FB051C55437300644429 /* MockNoteGroup.cpp */ = {isa = PBXFileReference; fileEncoding = 4; lastKnownFileType = sourcecode.cpp.cpp; name = MockNoteGroup.cpp; path = ../../Sourcecode/LyreTest/Mock/MockNoteGroup.cpp; sourceTree = "<group>"; };
		293F25E01C09B12D006096F2 /* TestToShared.cpp */ = {isa = PBXFileReference; fileEncoding = 4; lastKnownFileType = sourcecode.cpp.cpp; name = TestToShared.cpp; path = ../../Sourcecode/LyreTest/Tests/TestToShared.cpp; sourceTree = "<group>"; };
		296379851C67B5A300760195 /* TestCollection.cpp */ = {isa = PBXFileReference; fileEncoding = 4; lastKnownFileType = sourcecode.cpp.cpp; name = TestCollection.cpp; path = ../../Sourcecode/LyreTest/Tests/TestCollection.cpp; sourceTree = "<group>"; };
		296D72841BF8EB960049B0EA /* TestDurBaseEighth.cpp */ = {isa = PBXFileReference; fileEncoding = 4; lastKnownFileType = sourcecode.cpp.cpp; name = TestDurBaseEighth.cpp; path = ../../Sourcecode/LyreTest/Tests/TestDurBaseEighth.cpp; sourceTree = "<group>"; };
		296D72851BF8EB960049B0EA /* TestDurBase16th.cpp */ = {isa = PBXFileReference; fileEncoding = 4; lastKnownFileType = sourcecode.cpp.cpp; name = TestDurBase16th.cpp; path = ../../Sourcecode/LyreTest/Tests/TestDurBase16th.cpp; sourceTree = "<group>"; };
		296D72861BF8EB960049B0EA /* TestDurBase32nd.cpp */ = {isa = PBXFileReference; fileEncoding = 4; lastKnownFileType = sourcecode.cpp.cpp; name = TestDurBase32nd.cpp; path = ../../Sourcecode/LyreTest/Tests/TestDurBase32nd.cpp; sourceTree = "<group>"; };
		296D72871BF8EB960049B0EA /* TestDurBase64th.cpp */ = {isa = PBXFileReference; fileEncoding = 4; lastKnownFileType = sourcecode.cpp.cpp; name = TestDurBase64th.cpp; path = ../../Sourcecode/LyreTest/Tests/TestDurBase64th.cpp; sourceTree = "<group>"; };
		296D72881BF8EB960049B0EA /* TestDurBase128th.cpp */ = {isa = PBXFileReference; fileEncoding = 4; lastKnownFileType = sourcecode.cpp.cpp; name = TestDurBase128th.cpp; path = ../../Sourcecode/LyreTest/Tests/TestDurBase128th.cpp; sourceTree = "<group>"; };
		296D72891BF8EB960049B0EA /* TestDurBase256th.cpp */ = {isa = PBXFileReference; fileEncoding = 4; lastKnownFileType = sourcecode.cpp.cpp; name = TestDurBase256th.cpp; path = ../../Sourcecode/LyreTest/Tests/TestDurBase256th.cpp; sourceTree = "<group>"; };
		296D728A1BF8EB960049B0EA /* TestDurBaseBreve.cpp */ = {isa = PBXFileReference; fileEncoding = 4; lastKnownFileType = sourcecode.cpp.cpp; name = TestDurBaseBreve.cpp; path = ../../Sourcecode/LyreTest/Tests/TestDurBaseBreve.cpp; sourceTree = "<group>"; };
		296D728B1BF8EB960049B0EA /* TestDurBaseHalf.cpp */ = {isa = PBXFileReference; fileEncoding = 4; lastKnownFileType = sourcecode.cpp.cpp; name = TestDurBaseHalf.cpp; path = ../../Sourcecode/LyreTest/Tests/TestDurBaseHalf.cpp; sourceTree = "<group>"; };
		296D728C1BF8EB960049B0EA /* TestDurBaseLonga.cpp */ = {isa = PBXFileReference; fileEncoding = 4; lastKnownFileType = sourcecode.cpp.cpp; name = TestDurBaseLonga.cpp; path = ../../Sourcecode/LyreTest/Tests/TestDurBaseLonga.cpp; sourceTree = "<group>"; };
		296D728D1BF8EB960049B0EA /* TestDurBaseQuarter.cpp */ = {isa = PBXFileReference; fileEncoding = 4; lastKnownFileType = sourcecode.cpp.cpp; name = TestDurBaseQuarter.cpp; path = ../../Sourcecode/LyreTest/Tests/TestDurBaseQuarter.cpp; sourceTree = "<group>"; };
		296D728E1BF8EB960049B0EA /* TestDurBaseWhole.cpp */ = {isa = PBXFileReference; fileEncoding = 4; lastKnownFileType = sourcecode.cpp.cpp; name = TestDurBaseWhole.cpp; path = ../../Sourcecode/LyreTest/Tests/TestDurBaseWhole.cpp; sourceTree = "<group>"; };
		298227461BF99B2400277C67 /* TestCopyTo.cpp */ = {isa = PBXFileReference; fileEncoding = 4; lastKnownFileType = sourcecode.cpp.cpp; name = TestCopyTo.cpp; path = ../../Sourcecode/LyreTest/Tests/TestCopyTo.cpp; sourceTree = "<group>"; };
		298227481BF99B4500277C67 /* TestMakeUnique.cpp */ = {isa = PBXFileReference; fileEncoding = 4; lastKnownFileType = sourcecode.cpp.cpp; name = TestMakeUnique.cpp; path = ../../Sourcecode/LyreTest/Tests/TestMakeUnique.cpp; sourceTree = "<group>"; };
		29935EA81BE6C18C0003552B /* MockDurBase.cpp */ = {isa = PBXFileReference; fileEncoding = 4; lastKnownFileType = sourcecode.cpp.cpp; name = MockDurBase.cpp; path = ../../Sourcecode/LyreTest/Mock/MockDurBase.cpp; sourceTree = "<group>"; };
		29935EA91BE6C18C0003552B /* MockDurBase.h */ = {isa = PBXFileReference; fileEncoding = 4; lastKnownFileType = sourcecode.c.h; name = MockDurBase.h; path = ../../Sourcecode/LyreTest/Mock/MockDurBase.h; sourceTree = "<group>"; };
		29935EAB1BE6C3700003552B /* MockDurBaseFactory.cpp */ = {isa = PBXFileReference; fileEncoding = 4; lastKnownFileType = sourcecode.cpp.cpp; name = MockDurBaseFactory.cpp; path = ../../Sourcecode/LyreTest/Mock/MockDurBaseFactory.cpp; sourceTree = "<group>"; };
		29935EAC1BE6C3700003552B /* MockDurBaseFactory.h */ = {isa = PBXFileReference; fileEncoding = 4; lastKnownFileType = sourcecode.c.h; name = MockDurBaseFactory.h; path = ../../Sourcecode/LyreTest/Mock/MockDurBaseFactory.h; sourceTree = "<group>"; };
		29AEEA291C714D4400681388 /* TestTimer.h */ = {isa = PBXFileReference; fileEncoding = 4; lastKnownFileType = sourcecode.c.h; name = TestTimer.h; path = ../../Sourcecode/LyreTest/Tests/TestTimer.h; sourceTree = "<group>"; };
		29CAD3E71BE6610F00C0CA90 /* LyreTest */ = {isa = PBXFileReference; explicitFileType = "compiled.mach-o.executable"; includeInIndex = 0; path = LyreTest; sourceTree = BUILT_PRODUCTS_DIR; };
		29CAD3F31BE6613400C0CA90 /* cpulTestResult.h */ = {isa = PBXFileReference; fileEncoding = 4; lastKnownFileType = sourcecode.c.h; name = cpulTestResult.h; path = ../../Sourcecode/LyreTest/Cpul/cpulTestResult.h; sourceTree = "<group>"; };
		29CAD3F41BE6613400C0CA90 /* cpulFailure.cpp */ = {isa = PBXFileReference; fileEncoding = 4; lastKnownFileType = sourcecode.cpp.cpp; name = cpulFailure.cpp; path = ../../Sourcecode/LyreTest/Cpul/cpulFailure.cpp; sourceTree = "<group>"; };
		29CAD3F51BE6613400C0CA90 /* cpulRun.cpp */ = {isa = PBXFileReference; fileEncoding = 4; lastKnownFileType = sourcecode.cpp.cpp; name = cpulRun.cpp; path = ../../Sourcecode/LyreTest/Cpul/cpulRun.cpp; sourceTree = "<group>"; };
		29CAD3F61BE6613400C0CA90 /* cpulRun.h */ = {isa = PBXFileReference; fileEncoding = 4; lastKnownFileType = sourcecode.c.h; name = cpulRun.h; path = ../../Sourcecode/LyreTest/Cpul/cpulRun.h; sourceTree = "<group>"; };
		29CAD3F71BE6613400C0CA90 /* cpulTest.cpp */ = {isa = PBXFileReference; fileEncoding = 4; lastKnownFileType = sourcecode.cpp.cpp; name = cpulTest.cpp; path = ../../Sourcecode/LyreTest/Cpul/cpulTest.cpp; sourceTree = "<group>"; };
		29CAD3F81BE6613400C0CA90 /* cpulTestHarness.h */ = {isa = PBXFileReference; fileEncoding = 4; lastKnownFileType = sourcecode.c.h; name = cpulTestHarness.h; path = ../../Sourcecode/LyreTest/Cpul/cpulTestHarness.h; sourceTree = "<group>"; };
		29CAD3F91BE6613400C0CA90 /* cpulTestRegistry.cpp */ = {isa = PBXFileReference; fileEncoding = 4; lastKnownFileType = sourcecode.cpp.cpp; name = cpulTestRegistry.cpp; path = ../../Sourcecode/LyreTest/Cpul/cpulTestRegistry.cpp; sourceTree = "<group>"; };
		29CAD3FA1BE6613400C0CA90 /* cpulTestResult.cpp */ = {isa = PBXFileReference; fileEncoding = 4; lastKnownFileType = sourcecode.cpp.cpp; name = cpulTestResult.cpp; path = ../../Sourcecode/LyreTest/Cpul/cpulTestResult.cpp; sourceTree = "<group>"; };
		29CAD3FB1BE6613400C0CA90 /* main.cpp */ = {isa = PBXFileReference; fileEncoding = 4; lastKnownFileType = sourcecode.cpp.cpp; name = main.cpp; path = ../../Sourcecode/LyreTest/Cpul/main.cpp; sourceTree = "<group>"; };
		29CAD3FC1BE6613400C0CA90 /* cpulTest.h */ = {isa = PBXFileReference; fileEncoding = 4; lastKnownFileType = sourcecode.c.h; name = cpulTest.h; path = ../../Sourcecode/LyreTest/Cpul/cpulTest.h; sourceTree = "<group>"; };
		29CAD3FD1BE6613400C0CA90 /* cpulFailure.h */ = {isa = PBXFileReference; fileEncoding = 4; lastKnownFileType = sourcecode.c.h; name = cpulFailure.h; path = ../../Sourcecode/LyreTest/Cpul/cpulFailure.h; sourceTree = "<group>"; };
		29CAD3FE1BE6613400C0CA90 /* cpulTestRegistry.h */ = {isa = PBXFileReference; fileEncoding = 4; lastKnownFileType = sourcecode.c.h; name = cpulTestRegistry.h; path = ../../Sourcecode/LyreTest/Cpul/cpulTestRegistry.h; sourceTree = "<group>"; };
		29CAD4051BE661B400C0CA90 /* TestAlter.cpp */ = {isa = PBXFileReference; fileEncoding = 4; lastKnownFileType = sourcecode.cpp.cpp; name = TestAlter.cpp; path = ../../Sourcecode/LyreTest/Tests/TestAlter.cpp; sourceTree = "<group>"; };
		29CAD4121BE661B400C0CA90 /* TestEnum.cpp */ = {isa = PBXFileReference; fileEncoding = 4; lastKnownFileType = sourcecode.cpp.cpp; name = TestEnum.cpp; path = ../../Sourcecode/LyreTest/Tests/TestEnum.cpp; sourceTree = "<group>"; };
		29CAD4131BE661B400C0CA90 /* TestIAlter.cpp */ = {isa = PBXFileReference; fileEncoding = 4; lastKnownFileType = sourcecode.cpp.cpp; name = TestIAlter.cpp; path = ../../Sourcecode/LyreTest/Tests/TestIAlter.cpp; sourceTree = "<group>"; };
		29CAD4141BE661B400C0CA90 /* TestIDurBase.cpp */ = {isa = PBXFileReference; fileEncoding = 4; lastKnownFileType = sourcecode.cpp.cpp; name = TestIDurBase.cpp; path = ../../Sourcecode/LyreTest/Tests/TestIDurBase.cpp; sourceTree = "<group>"; };
		29CAD4151BE661B400C0CA90 /* TestIDurBaseFactory.cpp */ = {isa = PBXFileReference; fileEncoding = 4; lastKnownFileType = sourcecode.cpp.cpp; name = TestIDurBaseFactory.cpp; path = ../../Sourcecode/LyreTest/Tests/TestIDurBaseFactory.cpp; sourceTree = "<group>"; };
		29CAD4161BE661B400C0CA90 /* TestIEnum.cpp */ = {isa = PBXFileReference; fileEncoding = 4; lastKnownFileType = sourcecode.cpp.cpp; name = TestIEnum.cpp; path = ../../Sourcecode/LyreTest/Tests/TestIEnum.cpp; sourceTree = "<group>"; };
		29CAD4171BE661B400C0CA90 /* TestIPitch.cpp */ = {isa = PBXFileReference; fileEncoding = 4; lastKnownFileType = sourcecode.cpp.cpp; name = TestIPitch.cpp; path = ../../Sourcecode/LyreTest/Tests/TestIPitch.cpp; sourceTree = "<group>"; };
		29CAD4181BE661B400C0CA90 /* TestIPitchFactory.cpp */ = {isa = PBXFileReference; fileEncoding = 4; lastKnownFileType = sourcecode.cpp.cpp; name = TestIPitchFactory.cpp; path = ../../Sourcecode/LyreTest/Tests/TestIPitchFactory.cpp; sourceTree = "<group>"; };
		29CAD4191BE661B400C0CA90 /* TestIPitchName.cpp */ = {isa = PBXFileReference; fileEncoding = 4; lastKnownFileType = sourcecode.cpp.cpp; name = TestIPitchName.cpp; path = ../../Sourcecode/LyreTest/Tests/TestIPitchName.cpp; sourceTree = "<group>"; };
		29CAD41A1BE661B400C0CA90 /* TestIStep.cpp */ = {isa = PBXFileReference; fileEncoding = 4; lastKnownFileType = sourcecode.cpp.cpp; name = TestIStep.cpp; path = ../../Sourcecode/LyreTest/Tests/TestIStep.cpp; sourceTree = "<group>"; };
		29CAD41B1BE661B400C0CA90 /* TestMod.cpp */ = {isa = PBXFileReference; fileEncoding = 4; lastKnownFileType = sourcecode.cpp.cpp; name = TestMod.cpp; path = ../../Sourcecode/LyreTest/Tests/TestMod.cpp; sourceTree = "<group>"; };
		29CAD41C1BE661B400C0CA90 /* TestPitch.cpp */ = {isa = PBXFileReference; fileEncoding = 4; lastKnownFileType = sourcecode.cpp.cpp; name = TestPitch.cpp; path = ../../Sourcecode/LyreTest/Tests/TestPitch.cpp; sourceTree = "<group>"; };
		29CAD41D1BE661B400C0CA90 /* TestPitchName.cpp */ = {isa = PBXFileReference; fileEncoding = 4; lastKnownFileType = sourcecode.cpp.cpp; name = TestPitchName.cpp; path = ../../Sourcecode/LyreTest/Tests/TestPitchName.cpp; sourceTree = "<group>"; };
		29CAD41E1BE661B400C0CA90 /* TestRational.cpp */ = {isa = PBXFileReference; fileEncoding = 4; lastKnownFileType = sourcecode.cpp.cpp; name = TestRational.cpp; path = ../../Sourcecode/LyreTest/Tests/TestRational.cpp; sourceTree = "<group>"; };
		29CAD41F1BE661B400C0CA90 /* TestStep.cpp */ = {isa = PBXFileReference; fileEncoding = 4; lastKnownFileType = sourcecode.cpp.cpp; name = TestStep.cpp; path = ../../Sourcecode/LyreTest/Tests/TestStep.cpp; sourceTree = "<group>"; };
		29CAD43B1BE661D500C0CA90 /* libLyre.a */ = {isa = PBXFileReference; lastKnownFileType = archive.ar; name = libLyre.a; path = ../Build/Products/Debug/libLyre.a; sourceTree = "<group>"; };
		29CAD4411BE6673C00C0CA90 /* MockAlter.cpp */ = {isa = PBXFileReference; fileEncoding = 4; lastKnownFileType = sourcecode.cpp.cpp; name = MockAlter.cpp; path = ../../Sourcecode/LyreTest/Mock/MockAlter.cpp; sourceTree = "<group>"; };
		29CAD4421BE6673C00C0CA90 /* MockAlter.h */ = {isa = PBXFileReference; fileEncoding = 4; lastKnownFileType = sourcecode.c.h; name = MockAlter.h; path = ../../Sourcecode/LyreTest/Mock/MockAlter.h; sourceTree = "<group>"; };
		29CAD4431BE6673C00C0CA90 /* MockEnum.cpp */ = {isa = PBXFileReference; fileEncoding = 4; lastKnownFileType = sourcecode.cpp.cpp; name = MockEnum.cpp; path = ../../Sourcecode/LyreTest/Mock/MockEnum.cpp; sourceTree = "<group>"; };
		29CAD4441BE6673C00C0CA90 /* MockEnum.h */ = {isa = PBXFileReference; fileEncoding = 4; lastKnownFileType = sourcecode.c.h; name = MockEnum.h; path = ../../Sourcecode/LyreTest/Mock/MockEnum.h; sourceTree = "<group>"; };
		29CAD4451BE6673C00C0CA90 /* MockPitch.cpp */ = {isa = PBXFileReference; fileEncoding = 4; lastKnownFileType = sourcecode.cpp.cpp; name = MockPitch.cpp; path = ../../Sourcecode/LyreTest/Mock/MockPitch.cpp; sourceTree = "<group>"; };
		29CAD4461BE6673C00C0CA90 /* MockPitch.h */ = {isa = PBXFileReference; fileEncoding = 4; lastKnownFileType = sourcecode.c.h; name = MockPitch.h; path = ../../Sourcecode/LyreTest/Mock/MockPitch.h; sourceTree = "<group>"; };
		29CAD4471BE6673C00C0CA90 /* MockPitchFactory.cpp */ = {isa = PBXFileReference; fileEncoding = 4; lastKnownFileType = sourcecode.cpp.cpp; name = MockPitchFactory.cpp; path = ../../Sourcecode/LyreTest/Mock/MockPitchFactory.cpp; sourceTree = "<group>"; };
		29CAD4481BE6673C00C0CA90 /* MockPitchFactory.h */ = {isa = PBXFileReference; fileEncoding = 4; lastKnownFileType = sourcecode.c.h; name = MockPitchFactory.h; path = ../../Sourcecode/LyreTest/Mock/MockPitchFactory.h; sourceTree = "<group>"; };
		29CAD4491BE6673C00C0CA90 /* MockPitchName.cpp */ = {isa = PBXFileReference; fileEncoding = 4; lastKnownFileType = sourcecode.cpp.cpp; name = MockPitchName.cpp; path = ../../Sourcecode/LyreTest/Mock/MockPitchName.cpp; sourceTree = "<group>"; };
		29CAD44A1BE6673C00C0CA90 /* MockPitchName.h */ = {isa = PBXFileReference; fileEncoding = 4; lastKnownFileType = sourcecode.c.h; name = MockPitchName.h; path = ../../Sourcecode/LyreTest/Mock/MockPitchName.h; sourceTree = "<group>"; };
		29CAD44B1BE6673C00C0CA90 /* MockStep.cpp */ = {isa = PBXFileReference; fileEncoding = 4; lastKnownFileType = sourcecode.cpp.cpp; name = MockStep.cpp; path = ../../Sourcecode/LyreTest/Mock/MockStep.cpp; sourceTree = "<group>"; };
		29CAD44C1BE6673C00C0CA90 /* MockStep.h */ = {isa = PBXFileReference; fileEncoding = 4; lastKnownFileType = sourcecode.c.h; name = MockStep.h; path = ../../Sourcecode/LyreTest/Mock/MockStep.h; sourceTree = "<group>"; };
		29CAD4531BE66B0800C0CA90 /* MockEnumCats.cpp */ = {isa = PBXFileReference; fileEncoding = 4; lastKnownFileType = sourcecode.cpp.cpp; name = MockEnumCats.cpp; path = ../../Sourcecode/LyreTest/Mock/MockEnumCats.cpp; sourceTree = "<group>"; };
		29CAD4541BE66B0800C0CA90 /* MockEnumCats.h */ = {isa = PBXFileReference; fileEncoding = 4; lastKnownFileType = sourcecode.c.h; name = MockEnumCats.h; path = ../../Sourcecode/LyreTest/Mock/MockEnumCats.h; sourceTree = "<group>"; };
		29D7D9581C759FF60055E912 /* VsTest.h */ = {isa = PBXFileReference; fileEncoding = 4; lastKnownFileType = sourcecode.c.h; name = VsTest.h; path = ../../Sourcecode/LyreTest/VsTest/VsTest.h; sourceTree = "<group>"; };
		29E4D21E1C06C5260038E6FC /* TestITupletDef.cpp */ = {isa = PBXFileReference; fileEncoding = 4; lastKnownFileType = sourcecode.cpp.cpp; name = TestITupletDef.cpp; path = ../../Sourcecode/LyreTest/Tests/TestITupletDef.cpp; sourceTree = "<group>"; };
		29E4D21F1C06C5260038E6FC /* TestITupletDefFactory.cpp */ = {isa = PBXFileReference; fileEncoding = 4; lastKnownFileType = sourcecode.cpp.cpp; name = TestITupletDefFactory.cpp; path = ../../Sourcecode/LyreTest/Tests/TestITupletDefFactory.cpp; sourceTree = "<group>"; };
		29F3B5161C0223C100746DA5 /* TestThrow.cpp */ = {isa = PBXFileReference; fileEncoding = 4; lastKnownFileType = sourcecode.cpp.cpp; name = TestThrow.cpp; path = ../../Sourcecode/LyreTest/Tests/TestThrow.cpp; sourceTree = "<group>"; };
		29F3B5181C022AD300746DA5 /* TestDurBaseFactory.cpp */ = {isa = PBXFileReference; fileEncoding = 4; lastKnownFileType = sourcecode.cpp.cpp; name = TestDurBaseFactory.cpp; path = ../../Sourcecode/LyreTest/Tests/TestDurBaseFactory.cpp; sourceTree = "<group>"; };
		29FE9DC61C66C86C00BE0787 /* TestBeatPattern.cpp */ = {isa = PBXFileReference; fileEncoding = 4; lastKnownFileType = sourcecode.cpp.cpp; name = TestBeatPattern.cpp; path = ../../Sourcecode/LyreTest/Tests/TestBeatPattern.cpp; sourceTree = "<group>"; };
		29FE9DC71C66C86C00BE0787 /* TestBeatPatternFactory.cpp */ = {isa = PBXFileReference; fileEncoding = 4; lastKnownFileType = sourcecode.cpp.cpp; name = TestBeatPatternFactory.cpp; path = ../../Sourcecode/LyreTest/Tests/TestBeatPatternFactory.cpp; sourceTree = "<group>"; };
/* End PBXFileReference section */

/* Begin PBXFrameworksBuildPhase section */
		29CAD3E41BE6610F00C0CA90 /* Frameworks */ = {
			isa = PBXFrameworksBuildPhase;
			buildActionMask = 2147483647;
			files = (
				29CAD43C1BE661D500C0CA90 /* libLyre.a in Frameworks */,
			);
			runOnlyForDeploymentPostprocessing = 0;
		};
/* End PBXFrameworksBuildPhase section */

/* Begin PBXGroup section */
		29CAD3DE1BE6610F00C0CA90 = {
			isa = PBXGroup;
			children = (
				29CAD4401BE6649C00C0CA90 /* Mock */,
				29CAD43F1BE6621300C0CA90 /* Bin */,
				29CAD43D1BE661EB00C0CA90 /* Cpul */,
				29CAD3E81BE6610F00C0CA90 /* Products */,
				29CAD43E1BE661F500C0CA90 /* Tests */,
			);
			sourceTree = "<group>";
		};
		29CAD3E81BE6610F00C0CA90 /* Products */ = {
			isa = PBXGroup;
			children = (
				29CAD3E71BE6610F00C0CA90 /* LyreTest */,
			);
			name = Products;
			sourceTree = "<group>";
		};
		29CAD43D1BE661EB00C0CA90 /* Cpul */ = {
			isa = PBXGroup;
			children = (
				29CAD3F41BE6613400C0CA90 /* cpulFailure.cpp */,
				29CAD3FD1BE6613400C0CA90 /* cpulFailure.h */,
				29CAD3F51BE6613400C0CA90 /* cpulRun.cpp */,
				29CAD3F61BE6613400C0CA90 /* cpulRun.h */,
				29CAD3F71BE6613400C0CA90 /* cpulTest.cpp */,
				29CAD3FC1BE6613400C0CA90 /* cpulTest.h */,
				29CAD3F81BE6613400C0CA90 /* cpulTestHarness.h */,
				29CAD3F91BE6613400C0CA90 /* cpulTestRegistry.cpp */,
				29CAD3FE1BE6613400C0CA90 /* cpulTestRegistry.h */,
				29CAD3FA1BE6613400C0CA90 /* cpulTestResult.cpp */,
				29CAD3F31BE6613400C0CA90 /* cpulTestResult.h */,
				29CAD3FB1BE6613400C0CA90 /* main.cpp */,
				29D7D9581C759FF60055E912 /* VsTest.h */,
			);
			name = Cpul;
			sourceTree = "<group>";
		};
		29CAD43E1BE661F500C0CA90 /* Tests */ = {
			isa = PBXGroup;
			children = (
				29CAD4051BE661B400C0CA90 /* TestAlter.cpp */,
				29FE9DC61C66C86C00BE0787 /* TestBeatPattern.cpp */,
				29FE9DC71C66C86C00BE0787 /* TestBeatPatternFactory.cpp */,
				296379851C67B5A300760195 /* TestCollection.cpp */,
				298227461BF99B2400277C67 /* TestCopyTo.cpp */,
				290989D11C0395A30040138E /* TestDurationFactory.cpp */,
				296D72881BF8EB960049B0EA /* TestDurBase128th.cpp */,
				296D72851BF8EB960049B0EA /* TestDurBase16th.cpp */,
				296D72891BF8EB960049B0EA /* TestDurBase256th.cpp */,
				296D72861BF8EB960049B0EA /* TestDurBase32nd.cpp */,
				296D72871BF8EB960049B0EA /* TestDurBase64th.cpp */,
				296D728A1BF8EB960049B0EA /* TestDurBaseBreve.cpp */,
				296D72841BF8EB960049B0EA /* TestDurBaseEighth.cpp */,
				29F3B5181C022AD300746DA5 /* TestDurBaseFactory.cpp */,
				296D728B1BF8EB960049B0EA /* TestDurBaseHalf.cpp */,
				296D728C1BF8EB960049B0EA /* TestDurBaseLonga.cpp */,
				296D728D1BF8EB960049B0EA /* TestDurBaseQuarter.cpp */,
				296D728E1BF8EB960049B0EA /* TestDurBaseWhole.cpp */,
				29CAD4121BE661B400C0CA90 /* TestEnum.cpp */,
				2928FAFD1C54979000644429 /* TestForwardDec.cpp */,
				29CAD4131BE661B400C0CA90 /* TestIAlter.cpp */,
				2926C87B1C0D785500C5D4C0 /* TestIDuration.cpp */,
				29CAD4141BE661B400C0CA90 /* TestIDurBase.cpp */,
				29CAD4151BE661B400C0CA90 /* TestIDurBaseFactory.cpp */,
				290989D31C0398FD0040138E /* TestIDurDot.cpp */,
				29CAD4161BE661B400C0CA90 /* TestIEnum.cpp */,
				29CAD4171BE661B400C0CA90 /* TestIPitch.cpp */,
				29CAD4181BE661B400C0CA90 /* TestIPitchFactory.cpp */,
				29CAD4191BE661B400C0CA90 /* TestIPitchName.cpp */,
				29CAD41A1BE661B400C0CA90 /* TestIStep.cpp */,
				29E4D21E1C06C5260038E6FC /* TestITupletDef.cpp */,
				29E4D21F1C06C5260038E6FC /* TestITupletDefFactory.cpp */,
				298227481BF99B4500277C67 /* TestMakeUnique.cpp */,
				29CAD41B1BE661B400C0CA90 /* TestMod.cpp */,
				292348301C3E36D6002494EC /* TestNote.cpp */,
				2928FB001C5531EE00644429 /* TestNoteGroup.cpp */,
				29283D961C7943F100734CAC /* TestNoteGroupImpl.cpp */,
				29CAD41C1BE661B400C0CA90 /* TestPitch.cpp */,
				290D2A7C1C5DE85700F9BC13 /* TestPitchFactory.cpp */,
				29CAD41D1BE661B400C0CA90 /* TestPitchName.cpp */,
				29CAD41E1BE661B400C0CA90 /* TestRational.cpp */,
				29CAD41F1BE661B400C0CA90 /* TestStep.cpp */,
				29F3B5161C0223C100746DA5 /* TestThrow.cpp */,
				29AEEA291C714D4400681388 /* TestTimer.h */,
				291E42191C6673CB004C3432 /* TestTimeSignature.cpp */,
				291E421A1C6673CB004C3432 /* TestTimeSignatureFactory.cpp */,
				293F25E01C09B12D006096F2 /* TestToShared.cpp */,
			);
			name = Tests;
			sourceTree = "<group>";
		};
		29CAD43F1BE6621300C0CA90 /* Bin */ = {
			isa = PBXGroup;
			children = (
				29CAD43B1BE661D500C0CA90 /* libLyre.a */,
			);
			name = Bin;
			sourceTree = "<group>";
		};
		29CAD4401BE6649C00C0CA90 /* Mock */ = {
			isa = PBXGroup;
			children = (
				2928FB051C55437300644429 /* MockNoteGroup.cpp */,
				2928FB031C55426E00644429 /* MockNoteGroup.h */,
				29CAD4411BE6673C00C0CA90 /* MockAlter.cpp */,
				29CAD4421BE6673C00C0CA90 /* MockAlter.h */,
				29935EA81BE6C18C0003552B /* MockDurBase.cpp */,
				29935EA91BE6C18C0003552B /* MockDurBase.h */,
				29935EAB1BE6C3700003552B /* MockDurBaseFactory.cpp */,
				29935EAC1BE6C3700003552B /* MockDurBaseFactory.h */,
				29CAD4431BE6673C00C0CA90 /* MockEnum.cpp */,
				29CAD4441BE6673C00C0CA90 /* MockEnum.h */,
				29CAD4531BE66B0800C0CA90 /* MockEnumCats.cpp */,
				29CAD4541BE66B0800C0CA90 /* MockEnumCats.h */,
				29CAD4451BE6673C00C0CA90 /* MockPitch.cpp */,
				29CAD4461BE6673C00C0CA90 /* MockPitch.h */,
				29CAD4471BE6673C00C0CA90 /* MockPitchFactory.cpp */,
				29CAD4481BE6673C00C0CA90 /* MockPitchFactory.h */,
				29CAD4491BE6673C00C0CA90 /* MockPitchName.cpp */,
				29CAD44A1BE6673C00C0CA90 /* MockPitchName.h */,
				29CAD44B1BE6673C00C0CA90 /* MockStep.cpp */,
				29CAD44C1BE6673C00C0CA90 /* MockStep.h */,
			);
			name = Mock;
			sourceTree = "<group>";
		};
/* End PBXGroup section */

/* Begin PBXNativeTarget section */
		29CAD3E61BE6610F00C0CA90 /* LyreTest */ = {
			isa = PBXNativeTarget;
			buildConfigurationList = 29CAD3F01BE6610F00C0CA90 /* Build configuration list for PBXNativeTarget "LyreTest" */;
			buildPhases = (
				29CAD3E31BE6610F00C0CA90 /* Sources */,
				29CAD3E41BE6610F00C0CA90 /* Frameworks */,
				29CAD3E51BE6610F00C0CA90 /* CopyFiles */,
			);
			buildRules = (
			);
			dependencies = (
			);
			name = LyreTest;
			productName = LyreTest;
			productReference = 29CAD3E71BE6610F00C0CA90 /* LyreTest */;
			productType = "com.apple.product-type.tool";
		};
/* End PBXNativeTarget section */

/* Begin PBXProject section */
		29CAD3DF1BE6610F00C0CA90 /* Project object */ = {
			isa = PBXProject;
			attributes = {
				LastUpgradeCheck = 0510;
				ORGANIZATIONNAME = "Matthew James Briggs";
			};
			buildConfigurationList = 29CAD3E21BE6610F00C0CA90 /* Build configuration list for PBXProject "LyreTest" */;
			compatibilityVersion = "Xcode 3.2";
			developmentRegion = English;
			hasScannedForEncodings = 0;
			knownRegions = (
				en,
			);
			mainGroup = 29CAD3DE1BE6610F00C0CA90;
			productRefGroup = 29CAD3E81BE6610F00C0CA90 /* Products */;
			projectDirPath = "";
			projectRoot = "";
			targets = (
				29CAD3E61BE6610F00C0CA90 /* LyreTest */,
			);
		};
/* End PBXProject section */

/* Begin PBXSourcesBuildPhase section */
		29CAD3E31BE6610F00C0CA90 /* Sources */ = {
			isa = PBXSourcesBuildPhase;
			buildActionMask = 2147483647;
			files = (
				29CAD4321BE661B400C0CA90 /* TestIPitch.cpp in Sources */,
				29FE9DC91C66C86C00BE0787 /* TestBeatPatternFactory.cpp in Sources */,
				29CAD4351BE661B400C0CA90 /* TestIStep.cpp in Sources */,
				291E421C1C6673CB004C3432 /* TestTimeSignatureFactory.cpp in Sources */,
				298227491BF99B4500277C67 /* TestMakeUnique.cpp in Sources */,
				296D728F1BF8EB960049B0EA /* TestDurBaseEighth.cpp in Sources */,
				29CAD4011BE6613400C0CA90 /* cpulTest.cpp in Sources */,
				290D2A7D1C5DE85700F9BC13 /* TestPitchFactory.cpp in Sources */,
				29CAD3FF1BE6613400C0CA90 /* cpulFailure.cpp in Sources */,
				29CAD4371BE661B400C0CA90 /* TestPitch.cpp in Sources */,
				29CAD4521BE6673C00C0CA90 /* MockStep.cpp in Sources */,
				296D72911BF8EB960049B0EA /* TestDurBase32nd.cpp in Sources */,
				29E4D2201C06C5260038E6FC /* TestITupletDef.cpp in Sources */,
				29F3B5191C022AD300746DA5 /* TestDurBaseFactory.cpp in Sources */,
				29CAD4041BE6613400C0CA90 /* main.cpp in Sources */,
				29CAD4021BE6613400C0CA90 /* cpulTestRegistry.cpp in Sources */,
				296D72971BF8EB960049B0EA /* TestDurBaseLonga.cpp in Sources */,
				29CAD44E1BE6673C00C0CA90 /* MockEnum.cpp in Sources */,
				2928FB061C55437300644429 /* MockNoteGroup.cpp in Sources */,
				29283D971C7943F100734CAC /* TestNoteGroupImpl.cpp in Sources */,
				296D72961BF8EB960049B0EA /* TestDurBaseHalf.cpp in Sources */,
				298227471BF99B2400277C67 /* TestCopyTo.cpp in Sources */,
				29CAD44F1BE6673C00C0CA90 /* MockPitch.cpp in Sources */,
				296379861C67B5A300760195 /* TestCollection.cpp in Sources */,
				296D72941BF8EB960049B0EA /* TestDurBase256th.cpp in Sources */,
				29E4D2211C06C5260038E6FC /* TestITupletDefFactory.cpp in Sources */,
				29CAD42E1BE661B400C0CA90 /* TestIAlter.cpp in Sources */,
				29CAD4381BE661B400C0CA90 /* TestPitchName.cpp in Sources */,
				29FE9DC81C66C86C00BE0787 /* TestBeatPattern.cpp in Sources */,
				296D72901BF8EB960049B0EA /* TestDurBase16th.cpp in Sources */,
				2928FB011C5531EE00644429 /* TestNoteGroup.cpp in Sources */,
				29CAD42D1BE661B400C0CA90 /* TestEnum.cpp in Sources */,
				29CAD4311BE661B400C0CA90 /* TestIEnum.cpp in Sources */,
				29CAD43A1BE661B400C0CA90 /* TestStep.cpp in Sources */,
				29CAD4031BE6613400C0CA90 /* cpulTestResult.cpp in Sources */,
				29935EAA1BE6C18C0003552B /* MockDurBase.cpp in Sources */,
				29CAD4201BE661B400C0CA90 /* TestAlter.cpp in Sources */,
				29CAD44D1BE6673C00C0CA90 /* MockAlter.cpp in Sources */,
				29CAD4341BE661B400C0CA90 /* TestIPitchName.cpp in Sources */,
				29CAD42F1BE661B400C0CA90 /* TestIDurBase.cpp in Sources */,
				29935EAD1BE6C3700003552B /* MockDurBaseFactory.cpp in Sources */,
				29CAD4511BE6673C00C0CA90 /* MockPitchName.cpp in Sources */,
				2926C87C1C0D785500C5D4C0 /* TestIDuration.cpp in Sources */,
				296D72921BF8EB960049B0EA /* TestDurBase64th.cpp in Sources */,
				29CAD4501BE6673C00C0CA90 /* MockPitchFactory.cpp in Sources */,
				296D72951BF8EB960049B0EA /* TestDurBaseBreve.cpp in Sources */,
				296D72991BF8EB960049B0EA /* TestDurBaseWhole.cpp in Sources */,
				290989D21C0395A30040138E /* TestDurationFactory.cpp in Sources */,
				29CAD4391BE661B400C0CA90 /* TestRational.cpp in Sources */,
				291E421B1C6673CB004C3432 /* TestTimeSignature.cpp in Sources */,
				296D72981BF8EB960049B0EA /* TestDurBaseQuarter.cpp in Sources */,
				29CAD4301BE661B400C0CA90 /* TestIDurBaseFactory.cpp in Sources */,
				296D72931BF8EB960049B0EA /* TestDurBase128th.cpp in Sources */,
				29CAD4001BE6613400C0CA90 /* cpulRun.cpp in Sources */,
				29CAD4551BE66B0800C0CA90 /* MockEnumCats.cpp in Sources */,
				29CAD4331BE661B400C0CA90 /* TestIPitchFactory.cpp in Sources */,
				292348311C3E36D6002494EC /* TestNote.cpp in Sources */,
				29F3B5171C0223C100746DA5 /* TestThrow.cpp in Sources */,
				290989D41C0398FD0040138E /* TestIDurDot.cpp in Sources */,
				29CAD4361BE661B400C0CA90 /* TestMod.cpp in Sources */,
				2928FAFE1C54979000644429 /* TestForwardDec.cpp in Sources */,
				293F25E11C09B12D006096F2 /* TestToShared.cpp in Sources */,
			);
			runOnlyForDeploymentPostprocessing = 0;
		};
/* End PBXSourcesBuildPhase section */

/* Begin XCBuildConfiguration section */
		29CAD3EE1BE6610F00C0CA90 /* Debug */ = {
			isa = XCBuildConfiguration;
			buildSettings = {
				ALWAYS_SEARCH_USER_PATHS = NO;
				CLANG_CXX_LANGUAGE_STANDARD = "gnu++0x";
				CLANG_CXX_LIBRARY = "libc++";
				CLANG_ENABLE_MODULES = YES;
				CLANG_ENABLE_OBJC_ARC = YES;
				CLANG_WARN_BOOL_CONVERSION = YES;
				CLANG_WARN_CONSTANT_CONVERSION = YES;
				CLANG_WARN_DIRECT_OBJC_ISA_USAGE = YES_ERROR;
				CLANG_WARN_EMPTY_BODY = YES;
				CLANG_WARN_ENUM_CONVERSION = YES;
				CLANG_WARN_INT_CONVERSION = YES;
				CLANG_WARN_OBJC_ROOT_CLASS = YES_ERROR;
				CLANG_WARN__DUPLICATE_METHOD_MATCH = YES;
				COPY_PHASE_STRIP = NO;
				GCC_C_LANGUAGE_STANDARD = gnu99;
				GCC_DYNAMIC_NO_PIC = NO;
				GCC_ENABLE_OBJC_EXCEPTIONS = YES;
				GCC_OPTIMIZATION_LEVEL = 0;
				GCC_PREPROCESSOR_DEFINITIONS = (
					"DEBUG=1",
					"$(inherited)",
				);
				GCC_SYMBOLS_PRIVATE_EXTERN = NO;
				GCC_WARN_64_TO_32_BIT_CONVERSION = YES;
				GCC_WARN_ABOUT_RETURN_TYPE = YES_ERROR;
				GCC_WARN_UNDECLARED_SELECTOR = YES;
				GCC_WARN_UNINITIALIZED_AUTOS = YES_AGGRESSIVE;
				GCC_WARN_UNUSED_FUNCTION = YES;
				GCC_WARN_UNUSED_VARIABLE = YES;
				MACOSX_DEPLOYMENT_TARGET = 10.9;
				ONLY_ACTIVE_ARCH = YES;
				SDKROOT = macosx;
				USER_HEADER_SEARCH_PATHS = ../../Sourcecode/;
			};
			name = Debug;
		};
		29CAD3EF1BE6610F00C0CA90 /* Release */ = {
			isa = XCBuildConfiguration;
			buildSettings = {
				ALWAYS_SEARCH_USER_PATHS = NO;
				CLANG_CXX_LANGUAGE_STANDARD = "gnu++0x";
				CLANG_CXX_LIBRARY = "libc++";
				CLANG_ENABLE_MODULES = YES;
				CLANG_ENABLE_OBJC_ARC = YES;
				CLANG_WARN_BOOL_CONVERSION = YES;
				CLANG_WARN_CONSTANT_CONVERSION = YES;
				CLANG_WARN_DIRECT_OBJC_ISA_USAGE = YES_ERROR;
				CLANG_WARN_EMPTY_BODY = YES;
				CLANG_WARN_ENUM_CONVERSION = YES;
				CLANG_WARN_INT_CONVERSION = YES;
				CLANG_WARN_OBJC_ROOT_CLASS = YES_ERROR;
				CLANG_WARN__DUPLICATE_METHOD_MATCH = YES;
				COPY_PHASE_STRIP = YES;
				DEBUG_INFORMATION_FORMAT = "dwarf-with-dsym";
				ENABLE_NS_ASSERTIONS = NO;
				GCC_C_LANGUAGE_STANDARD = gnu99;
				GCC_ENABLE_OBJC_EXCEPTIONS = YES;
				GCC_WARN_64_TO_32_BIT_CONVERSION = YES;
				GCC_WARN_ABOUT_RETURN_TYPE = YES_ERROR;
				GCC_WARN_UNDECLARED_SELECTOR = YES;
				GCC_WARN_UNINITIALIZED_AUTOS = YES_AGGRESSIVE;
				GCC_WARN_UNUSED_FUNCTION = YES;
				GCC_WARN_UNUSED_VARIABLE = YES;
				MACOSX_DEPLOYMENT_TARGET = 10.9;
				SDKROOT = macosx;
				USER_HEADER_SEARCH_PATHS = ../../Sourcecode/;
			};
			name = Release;
		};
		29CAD3F11BE6610F00C0CA90 /* Debug */ = {
			isa = XCBuildConfiguration;
			buildSettings = {
				LIBRARY_SEARCH_PATHS = (
					"$(inherited)",
					/Volumes/Lyre/Xcode/Build/Products/Debug,
				);
				PRODUCT_NAME = "$(TARGET_NAME)";
			};
			name = Debug;
		};
		29CAD3F21BE6610F00C0CA90 /* Release */ = {
			isa = XCBuildConfiguration;
			buildSettings = {
				LIBRARY_SEARCH_PATHS = (
					"$(inherited)",
					/Volumes/Lyre/Xcode/Build/Products/Debug,
				);
				PRODUCT_NAME = "$(TARGET_NAME)";
			};
			name = Release;
		};
/* End XCBuildConfiguration section */

/* Begin XCConfigurationList section */
		29CAD3E21BE6610F00C0CA90 /* Build configuration list for PBXProject "LyreTest" */ = {
			isa = XCConfigurationList;
			buildConfigurations = (
				29CAD3EE1BE6610F00C0CA90 /* Debug */,
				29CAD3EF1BE6610F00C0CA90 /* Release */,
			);
			defaultConfigurationIsVisible = 0;
			defaultConfigurationName = Release;
		};
		29CAD3F01BE6610F00C0CA90 /* Build configuration list for PBXNativeTarget "LyreTest" */ = {
			isa = XCConfigurationList;
			buildConfigurations = (
				29CAD3F11BE6610F00C0CA90 /* Debug */,
				29CAD3F21BE6610F00C0CA90 /* Release */,
			);
			defaultConfigurationIsVisible = 0;
			defaultConfigurationName = Release;
		};
/* End XCConfigurationList section */
	};
	rootObject = 29CAD3DF1BE6610F00C0CA90 /* Project object */;
}
