// !$*UTF8*$!
{
	archiveVersion = 1;
	classes = {
	};
	objectVersion = 46;
	objects = {

/* Begin PBXBuildFile section */
		2927E4D21B8CC7FB00041459 /* Tuplet.cpp in Sources */ = {isa = PBXBuildFile; fileRef = 2927E4D01B8CC7FB00041459 /* Tuplet.cpp */; };
		2927E4D31B8CC7FB00041459 /* Tuplet.h in Headers */ = {isa = PBXBuildFile; fileRef = 2927E4D11B8CC7FB00041459 /* Tuplet.h */; };
		292B939E1BB1ACE100A4F808 /* Step.cpp in Sources */ = {isa = PBXBuildFile; fileRef = 292B939C1BB1ACE100A4F808 /* Step.cpp */; };
		292B939F1BB1ACE100A4F808 /* Step.h in Headers */ = {isa = PBXBuildFile; fileRef = 292B939D1BB1ACE100A4F808 /* Step.h */; };
		293F508E1BAF130F00AC0C19 /* IEnum.cpp in Sources */ = {isa = PBXBuildFile; fileRef = 293F508C1BAF130F00AC0C19 /* IEnum.cpp */; };
		293F508F1BAF130F00AC0C19 /* IEnum.h in Headers */ = {isa = PBXBuildFile; fileRef = 293F508D1BAF130F00AC0C19 /* IEnum.h */; };
		295145F11BBAE3040067BFD9 /* IPitch.cpp in Sources */ = {isa = PBXBuildFile; fileRef = 295145EF1BBAE3040067BFD9 /* IPitch.cpp */; };
		295145F21BBAE3040067BFD9 /* IPitch.h in Headers */ = {isa = PBXBuildFile; fileRef = 295145F01BBAE3040067BFD9 /* IPitch.h */; };
		295145FB1BBAEA220067BFD9 /* Pitch.cpp in Sources */ = {isa = PBXBuildFile; fileRef = 295145F91BBAEA220067BFD9 /* Pitch.cpp */; };
		295145FC1BBAEA220067BFD9 /* Pitch.h in Headers */ = {isa = PBXBuildFile; fileRef = 295145FA1BBAEA220067BFD9 /* Pitch.h */; };
		298B7A6E1BB7CE0C00E39C72 /* PitchName.cpp in Sources */ = {isa = PBXBuildFile; fileRef = 298B7A6C1BB7CE0C00E39C72 /* PitchName.cpp */; };
		298B7A6F1BB7CE0C00E39C72 /* PitchName.h in Headers */ = {isa = PBXBuildFile; fileRef = 298B7A6D1BB7CE0C00E39C72 /* PitchName.h */; };
		29B384EB1BB4C9650056B4AC /* IPitchName.cpp in Sources */ = {isa = PBXBuildFile; fileRef = 29B384E91BB4C9650056B4AC /* IPitchName.cpp */; };
		29B384EC1BB4C9650056B4AC /* IPitchName.h in Headers */ = {isa = PBXBuildFile; fileRef = 29B384EA1BB4C9650056B4AC /* IPitchName.h */; };
		29DB04F91BB301A90029014A /* Alter.cpp in Sources */ = {isa = PBXBuildFile; fileRef = 29DB04F71BB301A90029014A /* Alter.cpp */; };
		29DB04FA1BB301A90029014A /* Alter.h in Headers */ = {isa = PBXBuildFile; fileRef = 29DB04F81BB301A90029014A /* Alter.h */; };
		29DB04FD1BB301E10029014A /* IAlter.cpp in Sources */ = {isa = PBXBuildFile; fileRef = 29DB04FB1BB301E10029014A /* IAlter.cpp */; };
		29DB04FE1BB301E10029014A /* IAlter.h in Headers */ = {isa = PBXBuildFile; fileRef = 29DB04FC1BB301E10029014A /* IAlter.h */; };
		29E734701B7ACCB60046F4F8 /* Mod.h in Headers */ = {isa = PBXBuildFile; fileRef = 29E7346F1B7ACCB60046F4F8 /* Mod.h */; };
		29E734731B7ACD4B0046F4F8 /* Rational.cpp in Sources */ = {isa = PBXBuildFile; fileRef = 29E734711B7ACD4B0046F4F8 /* Rational.cpp */; };
		29E734741B7ACD4B0046F4F8 /* Rational.h in Headers */ = {isa = PBXBuildFile; fileRef = 29E734721B7ACD4B0046F4F8 /* Rational.h */; };
		29E734761B7ACDDD0046F4F8 /* TypeDefs.h in Headers */ = {isa = PBXBuildFile; fileRef = 29E734751B7ACDDD0046F4F8 /* TypeDefs.h */; };
		29EA94FB1BACC1570019FBFB /* DurDot.cpp in Sources */ = {isa = PBXBuildFile; fileRef = 29EA94F91BACC1570019FBFB /* DurDot.cpp */; };
		29EA94FC1BACC1570019FBFB /* DurDot.h in Headers */ = {isa = PBXBuildFile; fileRef = 29EA94FA1BACC1570019FBFB /* DurDot.h */; };
		29F735351BB067EA0067624F /* Enum.cpp in Sources */ = {isa = PBXBuildFile; fileRef = 29F735331BB067EA0067624F /* Enum.cpp */; };
		29F735361BB067EA0067624F /* Enum.h in Headers */ = {isa = PBXBuildFile; fileRef = 29F735341BB067EA0067624F /* Enum.h */; };
		29F7353C1BB07BAD0067624F /* IStep.cpp in Sources */ = {isa = PBXBuildFile; fileRef = 29F7353A1BB07BAD0067624F /* IStep.cpp */; };
		29F7353D1BB07BAD0067624F /* IStep.h in Headers */ = {isa = PBXBuildFile; fileRef = 29F7353B1BB07BAD0067624F /* IStep.h */; };
		29FCDEF81B8B06170092CBCB /* Dur.cpp in Sources */ = {isa = PBXBuildFile; fileRef = 29FCDEF61B8B06170092CBCB /* Dur.cpp */; };
/* End PBXBuildFile section */

/* Begin PBXFileReference section */
		2927E4D01B8CC7FB00041459 /* Tuplet.cpp */ = {isa = PBXFileReference; fileEncoding = 4; lastKnownFileType = sourcecode.cpp.cpp; path = Tuplet.cpp; sourceTree = "<group>"; };
		2927E4D11B8CC7FB00041459 /* Tuplet.h */ = {isa = PBXFileReference; fileEncoding = 4; lastKnownFileType = sourcecode.c.h; path = Tuplet.h; sourceTree = "<group>"; };
		292B939C1BB1ACE100A4F808 /* Step.cpp */ = {isa = PBXFileReference; fileEncoding = 4; lastKnownFileType = sourcecode.cpp.cpp; path = Step.cpp; sourceTree = "<group>"; };
		292B939D1BB1ACE100A4F808 /* Step.h */ = {isa = PBXFileReference; fileEncoding = 4; lastKnownFileType = sourcecode.c.h; path = Step.h; sourceTree = "<group>"; };
		293F508C1BAF130F00AC0C19 /* IEnum.cpp */ = {isa = PBXFileReference; fileEncoding = 4; lastKnownFileType = sourcecode.cpp.cpp; path = IEnum.cpp; sourceTree = "<group>"; };
		293F508D1BAF130F00AC0C19 /* IEnum.h */ = {isa = PBXFileReference; fileEncoding = 4; lastKnownFileType = sourcecode.c.h; path = IEnum.h; sourceTree = "<group>"; };
		295145EF1BBAE3040067BFD9 /* IPitch.cpp */ = {isa = PBXFileReference; fileEncoding = 4; lastKnownFileType = sourcecode.cpp.cpp; path = IPitch.cpp; sourceTree = "<group>"; };
		295145F01BBAE3040067BFD9 /* IPitch.h */ = {isa = PBXFileReference; fileEncoding = 4; lastKnownFileType = sourcecode.c.h; path = IPitch.h; sourceTree = "<group>"; };
		295145F91BBAEA220067BFD9 /* Pitch.cpp */ = {isa = PBXFileReference; fileEncoding = 4; lastKnownFileType = sourcecode.cpp.cpp; path = Pitch.cpp; sourceTree = "<group>"; };
		295145FA1BBAEA220067BFD9 /* Pitch.h */ = {isa = PBXFileReference; fileEncoding = 4; lastKnownFileType = sourcecode.c.h; path = Pitch.h; sourceTree = "<group>"; };
		298B7A6C1BB7CE0C00E39C72 /* PitchName.cpp */ = {isa = PBXFileReference; fileEncoding = 4; lastKnownFileType = sourcecode.cpp.cpp; path = PitchName.cpp; sourceTree = "<group>"; };
		298B7A6D1BB7CE0C00E39C72 /* PitchName.h */ = {isa = PBXFileReference; fileEncoding = 4; lastKnownFileType = sourcecode.c.h; path = PitchName.h; sourceTree = "<group>"; };
		29B384E91BB4C9650056B4AC /* IPitchName.cpp */ = {isa = PBXFileReference; fileEncoding = 4; lastKnownFileType = sourcecode.cpp.cpp; path = IPitchName.cpp; sourceTree = "<group>"; };
		29B384EA1BB4C9650056B4AC /* IPitchName.h */ = {isa = PBXFileReference; fileEncoding = 4; lastKnownFileType = sourcecode.c.h; path = IPitchName.h; sourceTree = "<group>"; };
		29DB04F71BB301A90029014A /* Alter.cpp */ = {isa = PBXFileReference; fileEncoding = 4; lastKnownFileType = sourcecode.cpp.cpp; path = Alter.cpp; sourceTree = "<group>"; };
		29DB04F81BB301A90029014A /* Alter.h */ = {isa = PBXFileReference; fileEncoding = 4; lastKnownFileType = sourcecode.c.h; path = Alter.h; sourceTree = "<group>"; };
		29DB04FB1BB301E10029014A /* IAlter.cpp */ = {isa = PBXFileReference; fileEncoding = 4; lastKnownFileType = sourcecode.cpp.cpp; path = IAlter.cpp; sourceTree = "<group>"; };
		29DB04FC1BB301E10029014A /* IAlter.h */ = {isa = PBXFileReference; fileEncoding = 4; lastKnownFileType = sourcecode.c.h; path = IAlter.h; sourceTree = "<group>"; };
		29E734681B7ACC0D0046F4F8 /* libLyre.a */ = {isa = PBXFileReference; explicitFileType = archive.ar; includeInIndex = 0; path = libLyre.a; sourceTree = BUILT_PRODUCTS_DIR; };
		29E7346F1B7ACCB60046F4F8 /* Mod.h */ = {isa = PBXFileReference; fileEncoding = 4; lastKnownFileType = sourcecode.c.h; path = Mod.h; sourceTree = "<group>"; };
		29E734711B7ACD4B0046F4F8 /* Rational.cpp */ = {isa = PBXFileReference; fileEncoding = 4; lastKnownFileType = sourcecode.cpp.cpp; path = Rational.cpp; sourceTree = "<group>"; };
		29E734721B7ACD4B0046F4F8 /* Rational.h */ = {isa = PBXFileReference; fileEncoding = 4; lastKnownFileType = sourcecode.c.h; path = Rational.h; sourceTree = "<group>"; };
		29E734751B7ACDDD0046F4F8 /* TypeDefs.h */ = {isa = PBXFileReference; fileEncoding = 4; lastKnownFileType = sourcecode.c.h; path = TypeDefs.h; sourceTree = "<group>"; };
		29EA94F91BACC1570019FBFB /* DurDot.cpp */ = {isa = PBXFileReference; fileEncoding = 4; lastKnownFileType = sourcecode.cpp.cpp; path = DurDot.cpp; sourceTree = "<group>"; };
		29EA94FA1BACC1570019FBFB /* DurDot.h */ = {isa = PBXFileReference; fileEncoding = 4; lastKnownFileType = sourcecode.c.h; path = DurDot.h; sourceTree = "<group>"; };
		29F735331BB067EA0067624F /* Enum.cpp */ = {isa = PBXFileReference; fileEncoding = 4; lastKnownFileType = sourcecode.cpp.cpp; path = Enum.cpp; sourceTree = "<group>"; };
		29F735341BB067EA0067624F /* Enum.h */ = {isa = PBXFileReference; fileEncoding = 4; lastKnownFileType = sourcecode.c.h; path = Enum.h; sourceTree = "<group>"; };
		29F7353A1BB07BAD0067624F /* IStep.cpp */ = {isa = PBXFileReference; fileEncoding = 4; lastKnownFileType = sourcecode.cpp.cpp; path = IStep.cpp; sourceTree = "<group>"; };
		29F7353B1BB07BAD0067624F /* IStep.h */ = {isa = PBXFileReference; fileEncoding = 4; lastKnownFileType = sourcecode.c.h; path = IStep.h; sourceTree = "<group>"; };
		29FCDEF51B8B04DF0092CBCB /* Dur.h */ = {isa = PBXFileReference; lastKnownFileType = sourcecode.c.h; path = Dur.h; sourceTree = "<group>"; };
		29FCDEF61B8B06170092CBCB /* Dur.cpp */ = {isa = PBXFileReference; fileEncoding = 4; lastKnownFileType = sourcecode.cpp.cpp; path = Dur.cpp; sourceTree = "<group>"; };
/* End PBXFileReference section */

/* Begin PBXFrameworksBuildPhase section */
		29E734651B7ACC0D0046F4F8 /* Frameworks */ = {
			isa = PBXFrameworksBuildPhase;
			buildActionMask = 2147483647;
			files = (
			);
			runOnlyForDeploymentPostprocessing = 0;
		};
/* End PBXFrameworksBuildPhase section */

/* Begin PBXGroup section */
		2928CAB31BB9924E0063D861 /* Interface */ = {
			isa = PBXGroup;
			children = (
				29DB04FB1BB301E10029014A /* IAlter.cpp */,
				29DB04FC1BB301E10029014A /* IAlter.h */,
				295145EF1BBAE3040067BFD9 /* IPitch.cpp */,
				295145F01BBAE3040067BFD9 /* IPitch.h */,
				29B384E91BB4C9650056B4AC /* IPitchName.cpp */,
				29B384EA1BB4C9650056B4AC /* IPitchName.h */,
				29F7353A1BB07BAD0067624F /* IStep.cpp */,
				29F7353B1BB07BAD0067624F /* IStep.h */,
			);
			name = Interface;
			sourceTree = "<group>";
		};
		2928CAB41BB992560063D861 /* Concrete */ = {
			isa = PBXGroup;
			children = (
				29DB04F71BB301A90029014A /* Alter.cpp */,
				29DB04F81BB301A90029014A /* Alter.h */,
				298B7A6C1BB7CE0C00E39C72 /* PitchName.cpp */,
				298B7A6D1BB7CE0C00E39C72 /* PitchName.h */,
				292B939C1BB1ACE100A4F808 /* Step.cpp */,
				292B939D1BB1ACE100A4F808 /* Step.h */,
				295145F91BBAEA220067BFD9 /* Pitch.cpp */,
				295145FA1BBAEA220067BFD9 /* Pitch.h */,
			);
			name = Concrete;
			sourceTree = "<group>";
		};
		2928CAB51BB9928E0063D861 /* Interface */ = {
			isa = PBXGroup;
			children = (
				293F508C1BAF130F00AC0C19 /* IEnum.cpp */,
				293F508D1BAF130F00AC0C19 /* IEnum.h */,
			);
			name = Interface;
			sourceTree = "<group>";
		};
		2928CABA1BB992B70063D861 /* Concrete */ = {
			isa = PBXGroup;
			children = (
				29F735331BB067EA0067624F /* Enum.cpp */,
				29F735341BB067EA0067624F /* Enum.h */,
			);
			name = Concrete;
			sourceTree = "<group>";
		};
		2928CABB1BB992D60063D861 /* Primitive */ = {
			isa = PBXGroup;
			children = (
				29E7346F1B7ACCB60046F4F8 /* Mod.h */,
				29E734711B7ACD4B0046F4F8 /* Rational.cpp */,
				29E734721B7ACD4B0046F4F8 /* Rational.h */,
				29E734751B7ACDDD0046F4F8 /* TypeDefs.h */,
			);
			name = Primitive;
			sourceTree = "<group>";
		};
		293F50891BAF126600AC0C19 /* Rhythm */ = {
			isa = PBXGroup;
			children = (
				2927E4D01B8CC7FB00041459 /* Tuplet.cpp */,
				2927E4D11B8CC7FB00041459 /* Tuplet.h */,
				29FCDEF61B8B06170092CBCB /* Dur.cpp */,
				29FCDEF51B8B04DF0092CBCB /* Dur.h */,
				29EA94F91BACC1570019FBFB /* DurDot.cpp */,
				29EA94FA1BACC1570019FBFB /* DurDot.h */,
			);
			name = Rhythm;
			sourceTree = "<group>";
		};
		293F508A1BAF128000AC0C19 /* General */ = {
			isa = PBXGroup;
			children = (
				2928CABA1BB992B70063D861 /* Concrete */,
				2928CAB51BB9928E0063D861 /* Interface */,
				2928CABB1BB992D60063D861 /* Primitive */,
			);
			name = General;
			sourceTree = "<group>";
		};
		293F508B1BAF12CA00AC0C19 /* Pitch */ = {
			isa = PBXGroup;
			children = (
				2928CAB41BB992560063D861 /* Concrete */,
				2928CAB31BB9924E0063D861 /* Interface */,
			);
			name = Pitch;
			sourceTree = "<group>";
		};
		29E7345F1B7ACC0D0046F4F8 = {
			isa = PBXGroup;
			children = (
				293F508A1BAF128000AC0C19 /* General */,
				293F508B1BAF12CA00AC0C19 /* Pitch */,
				29E734691B7ACC0D0046F4F8 /* Products */,
				293F50891BAF126600AC0C19 /* Rhythm */,
			);
			sourceTree = "<group>";
		};
		29E734691B7ACC0D0046F4F8 /* Products */ = {
			isa = PBXGroup;
			children = (
				29E734681B7ACC0D0046F4F8 /* libLyre.a */,
			);
			name = Products;
			sourceTree = "<group>";
		};
/* End PBXGroup section */

/* Begin PBXHeadersBuildPhase section */
		29E734661B7ACC0D0046F4F8 /* Headers */ = {
			isa = PBXHeadersBuildPhase;
			buildActionMask = 2147483647;
			files = (
				295145FC1BBAEA220067BFD9 /* Pitch.h in Headers */,
				298B7A6F1BB7CE0C00E39C72 /* PitchName.h in Headers */,
				292B939F1BB1ACE100A4F808 /* Step.h in Headers */,
				29EA94FC1BACC1570019FBFB /* DurDot.h in Headers */,
				2927E4D31B8CC7FB00041459 /* Tuplet.h in Headers */,
				29DB04FA1BB301A90029014A /* Alter.h in Headers */,
				29F7353D1BB07BAD0067624F /* IStep.h in Headers */,
				29B384EC1BB4C9650056B4AC /* IPitchName.h in Headers */,
				295145F21BBAE3040067BFD9 /* IPitch.h in Headers */,
				29F735361BB067EA0067624F /* Enum.h in Headers */,
				29E734761B7ACDDD0046F4F8 /* TypeDefs.h in Headers */,
				29E734741B7ACD4B0046F4F8 /* Rational.h in Headers */,
				29E734701B7ACCB60046F4F8 /* Mod.h in Headers */,
				293F508F1BAF130F00AC0C19 /* IEnum.h in Headers */,
				29DB04FE1BB301E10029014A /* IAlter.h in Headers */,
			);
			runOnlyForDeploymentPostprocessing = 0;
		};
/* End PBXHeadersBuildPhase section */

/* Begin PBXNativeTarget section */
		29E734671B7ACC0D0046F4F8 /* Lyre */ = {
			isa = PBXNativeTarget;
			buildConfigurationList = 29E7346C1B7ACC0D0046F4F8 /* Build configuration list for PBXNativeTarget "Lyre" */;
			buildPhases = (
				29E734641B7ACC0D0046F4F8 /* Sources */,
				29E734651B7ACC0D0046F4F8 /* Frameworks */,
				29E734661B7ACC0D0046F4F8 /* Headers */,
			);
			buildRules = (
			);
			dependencies = (
			);
			name = Lyre;
			productName = Lyre;
			productReference = 29E734681B7ACC0D0046F4F8 /* libLyre.a */;
			productType = "com.apple.product-type.library.static";
		};
/* End PBXNativeTarget section */

/* Begin PBXProject section */
		29E734601B7ACC0D0046F4F8 /* Project object */ = {
			isa = PBXProject;
			attributes = {
				LastUpgradeCheck = 0510;
				ORGANIZATIONNAME = "Matthew James Briggs";
			};
			buildConfigurationList = 29E734631B7ACC0D0046F4F8 /* Build configuration list for PBXProject "Lyre" */;
			compatibilityVersion = "Xcode 3.2";
			developmentRegion = English;
			hasScannedForEncodings = 0;
			knownRegions = (
				en,
			);
			mainGroup = 29E7345F1B7ACC0D0046F4F8;
			productRefGroup = 29E734691B7ACC0D0046F4F8 /* Products */;
			projectDirPath = "";
			projectRoot = "";
			targets = (
				29E734671B7ACC0D0046F4F8 /* Lyre */,
			);
		};
/* End PBXProject section */

/* Begin PBXSourcesBuildPhase section */
		29E734641B7ACC0D0046F4F8 /* Sources */ = {
			isa = PBXSourcesBuildPhase;
			buildActionMask = 2147483647;
			files = (
				295145F11BBAE3040067BFD9 /* IPitch.cpp in Sources */,
				29DB04F91BB301A90029014A /* Alter.cpp in Sources */,
				29F735351BB067EA0067624F /* Enum.cpp in Sources */,
				293F508E1BAF130F00AC0C19 /* IEnum.cpp in Sources */,
				29FCDEF81B8B06170092CBCB /* Dur.cpp in Sources */,
				298B7A6E1BB7CE0C00E39C72 /* PitchName.cpp in Sources */,
				29DB04FD1BB301E10029014A /* IAlter.cpp in Sources */,
				29EA94FB1BACC1570019FBFB /* DurDot.cpp in Sources */,
				2927E4D21B8CC7FB00041459 /* Tuplet.cpp in Sources */,
				292B939E1BB1ACE100A4F808 /* Step.cpp in Sources */,
				29E734731B7ACD4B0046F4F8 /* Rational.cpp in Sources */,
				29B384EB1BB4C9650056B4AC /* IPitchName.cpp in Sources */,
				295145FB1BBAEA220067BFD9 /* Pitch.cpp in Sources */,
				29F7353C1BB07BAD0067624F /* IStep.cpp in Sources */,
			);
			runOnlyForDeploymentPostprocessing = 0;
		};
/* End PBXSourcesBuildPhase section */

/* Begin XCBuildConfiguration section */
		29E7346A1B7ACC0D0046F4F8 /* Debug */ = {
			isa = XCBuildConfiguration;
			buildSettings = {
				ALWAYS_SEARCH_USER_PATHS = NO;
				CLANG_CXX_LANGUAGE_STANDARD = "gnu++0x";
				CLANG_CXX_LIBRARY = "libc++";
				CLANG_ENABLE_MODULES = YES;
				CLANG_ENABLE_OBJC_ARC = YES;
				CLANG_WARN_BOOL_CONVERSION = YES;
				CLANG_WARN_CONSTANT_CONVERSION = YES;
				CLANG_WARN_DIRECT_OBJC_ISA_USAGE = YES_ERROR;
				CLANG_WARN_EMPTY_BODY = YES;
				CLANG_WARN_ENUM_CONVERSION = YES;
				CLANG_WARN_INT_CONVERSION = YES;
				CLANG_WARN_OBJC_ROOT_CLASS = YES_ERROR;
				CLANG_WARN__DUPLICATE_METHOD_MATCH = YES;
				COPY_PHASE_STRIP = NO;
				GCC_C_LANGUAGE_STANDARD = gnu99;
				GCC_DYNAMIC_NO_PIC = NO;
				GCC_ENABLE_OBJC_EXCEPTIONS = YES;
				GCC_OPTIMIZATION_LEVEL = 0;
				GCC_PREPROCESSOR_DEFINITIONS = (
					"DEBUG=1",
					"$(inherited)",
				);
				GCC_SYMBOLS_PRIVATE_EXTERN = NO;
				GCC_WARN_64_TO_32_BIT_CONVERSION = YES;
				GCC_WARN_ABOUT_RETURN_TYPE = YES_ERROR;
				GCC_WARN_UNDECLARED_SELECTOR = YES;
				GCC_WARN_UNINITIALIZED_AUTOS = YES_AGGRESSIVE;
				GCC_WARN_UNUSED_FUNCTION = YES;
				GCC_WARN_UNUSED_VARIABLE = YES;
				MACOSX_DEPLOYMENT_TARGET = 10.9;
				ONLY_ACTIVE_ARCH = YES;
				SDKROOT = macosx;
			};
			name = Debug;
		};
		29E7346B1B7ACC0D0046F4F8 /* Release */ = {
			isa = XCBuildConfiguration;
			buildSettings = {
				ALWAYS_SEARCH_USER_PATHS = NO;
				CLANG_CXX_LANGUAGE_STANDARD = "gnu++0x";
				CLANG_CXX_LIBRARY = "libc++";
				CLANG_ENABLE_MODULES = YES;
				CLANG_ENABLE_OBJC_ARC = YES;
				CLANG_WARN_BOOL_CONVERSION = YES;
				CLANG_WARN_CONSTANT_CONVERSION = YES;
				CLANG_WARN_DIRECT_OBJC_ISA_USAGE = YES_ERROR;
				CLANG_WARN_EMPTY_BODY = YES;
				CLANG_WARN_ENUM_CONVERSION = YES;
				CLANG_WARN_INT_CONVERSION = YES;
				CLANG_WARN_OBJC_ROOT_CLASS = YES_ERROR;
				CLANG_WARN__DUPLICATE_METHOD_MATCH = YES;
				COPY_PHASE_STRIP = YES;
				DEBUG_INFORMATION_FORMAT = "dwarf-with-dsym";
				ENABLE_NS_ASSERTIONS = NO;
				GCC_C_LANGUAGE_STANDARD = gnu99;
				GCC_ENABLE_OBJC_EXCEPTIONS = YES;
				GCC_WARN_64_TO_32_BIT_CONVERSION = YES;
				GCC_WARN_ABOUT_RETURN_TYPE = YES_ERROR;
				GCC_WARN_UNDECLARED_SELECTOR = YES;
				GCC_WARN_UNINITIALIZED_AUTOS = YES_AGGRESSIVE;
				GCC_WARN_UNUSED_FUNCTION = YES;
				GCC_WARN_UNUSED_VARIABLE = YES;
				MACOSX_DEPLOYMENT_TARGET = 10.9;
				SDKROOT = macosx;
			};
			name = Release;
		};
		29E7346D1B7ACC0D0046F4F8 /* Debug */ = {
			isa = XCBuildConfiguration;
			buildSettings = {
				EXECUTABLE_PREFIX = lib;
				PRODUCT_NAME = "$(TARGET_NAME)";
			};
			name = Debug;
		};
		29E7346E1B7ACC0D0046F4F8 /* Release */ = {
			isa = XCBuildConfiguration;
			buildSettings = {
				EXECUTABLE_PREFIX = lib;
				PRODUCT_NAME = "$(TARGET_NAME)";
			};
			name = Release;
		};
/* End XCBuildConfiguration section */

/* Begin XCConfigurationList section */
		29E734631B7ACC0D0046F4F8 /* Build configuration list for PBXProject "Lyre" */ = {
			isa = XCConfigurationList;
			buildConfigurations = (
				29E7346A1B7ACC0D0046F4F8 /* Debug */,
				29E7346B1B7ACC0D0046F4F8 /* Release */,
			);
			defaultConfigurationIsVisible = 0;
			defaultConfigurationName = Release;
		};
		29E7346C1B7ACC0D0046F4F8 /* Build configuration list for PBXNativeTarget "Lyre" */ = {
			isa = XCConfigurationList;
			buildConfigurations = (
				29E7346D1B7ACC0D0046F4F8 /* Debug */,
				29E7346E1B7ACC0D0046F4F8 /* Release */,
			);
			defaultConfigurationIsVisible = 0;
			defaultConfigurationName = Release;
		};
/* End XCConfigurationList section */
	};
	rootObject = 29E734601B7ACC0D0046F4F8 /* Project object */;
}
