
Microsoft Visual Studio Solution File, Format Version 12.00
# Visual Studio 14
VisualStudioVersion = 14.0.23107.0
MinimumVisualStudioVersion = 10.0.40219.1
Project("{8BC9CEB8-8B4A-11D0-8D11-00A0C91BC942}") = "Lyre", "Lyre.vcxproj", "{F765E151-6073-4B26-874F-6F839CEFF126}"
EndProject
Project("{8BC9CEB8-8B4A-11D0-8D11-00A0C91BC942}") = "LyreTest", "LyreTest.vcxproj", "{81C15F27-BE53-4839-98C0-955500B4883A}"
EndProject
Project("{2150E333-8FDC-42A3-9474-1A3956D46DE8}") = "Solution Items", "Solution Items", "{6208867F-D1CA-44F3-BBFD-41F856A02856}"
	ProjectSection(SolutionItems) = preProject
		build.bat = build.bat
	EndProjectSection
EndProject
Global
	GlobalSection(SolutionConfigurationPlatforms) = preSolution
		Debug|x64 = Debug|x64
		Debug|x86 = Debug|x86
		Release|x64 = Release|x64
		Release|x86 = Release|x86
	EndGlobalSection
	GlobalSection(ProjectConfigurationPlatforms) = postSolution
		{F765E151-6073-4B26-874F-6F839CEFF126}.Debug|x64.ActiveCfg = Debug|x64
		{F765E151-6073-4B26-874F-6F839CEFF126}.Debug|x64.Build.0 = Debug|x64
		{F765E151-6073-4B26-874F-6F839CEFF126}.Debug|x86.ActiveCfg = Debug|Win32
		{F765E151-6073-4B26-874F-6F839CEFF126}.Debug|x86.Build.0 = Debug|Win32
		{F765E151-6073-4B26-874F-6F839CEFF126}.Release|x64.ActiveCfg = Release|x64
		{F765E151-6073-4B26-874F-6F839CEFF126}.Release|x64.Build.0 = Release|x64
		{F765E151-6073-4B26-874F-6F839CEFF126}.Release|x86.ActiveCfg = Release|Win32
		{F765E151-6073-4B26-874F-6F839CEFF126}.Release|x86.Build.0 = Release|Win32
		{81C15F27-BE53-4839-98C0-955500B4883A}.Debug|x64.ActiveCfg = Debug|x64
		{81C15F27-BE53-4839-98C0-955500B4883A}.Debug|x64.Build.0 = Debug|x64
		{81C15F27-BE53-4839-98C0-955500B4883A}.Debug|x86.ActiveCfg = Debug|Win32
		{81C15F27-BE53-4839-98C0-955500B4883A}.Debug|x86.Build.0 = Debug|Win32
		{81C15F27-BE53-4839-98C0-955500B4883A}.Release|x64.ActiveCfg = Release|x64
		{81C15F27-BE53-4839-98C0-955500B4883A}.Release|x64.Build.0 = Release|x64
		{81C15F27-BE53-4839-98C0-955500B4883A}.Release|x86.ActiveCfg = Release|Win32
		{81C15F27-BE53-4839-98C0-955500B4883A}.Release|x86.Build.0 = Release|Win32
	EndGlobalSection
	GlobalSection(SolutionProperties) = preSolution
		HideSolutionNode = FALSE
	EndGlobalSection
EndGlobal
