// !$*UTF8*$!
{
	archiveVersion = 1;
	classes = {
	};
	objectVersion = 46;
	objects = {

/* Begin PBXBuildFile section */
		291FB30D1BE4FD0100654382 /* IDurTest.cpp in Sources */ = {isa = PBXBuildFile; fileRef = 291FB2FF1BE4FD0100654382 /* IDurTest.cpp */; };
		291FB30E1BE4FD0100654382 /* IDurFactoryTest.cpp in Sources */ = {isa = PBXBuildFile; fileRef = 291FB3001BE4FD0100654382 /* IDurFactoryTest.cpp */; };
		291FB30F1BE4FD0100654382 /* DurWholeTest.cpp in Sources */ = {isa = PBXBuildFile; fileRef = 291FB3011BE4FD0100654382 /* DurWholeTest.cpp */; };
		291FB3101BE4FD0100654382 /* DurQuarterTest.cpp in Sources */ = {isa = PBXBuildFile; fileRef = 291FB3021BE4FD0100654382 /* DurQuarterTest.cpp */; };
		291FB3111BE4FD0100654382 /* DurLongaTest.cpp in Sources */ = {isa = PBXBuildFile; fileRef = 291FB3031BE4FD0100654382 /* DurLongaTest.cpp */; };
		291FB3121BE4FD0100654382 /* DurHalfTest.cpp in Sources */ = {isa = PBXBuildFile; fileRef = 291FB3041BE4FD0100654382 /* DurHalfTest.cpp */; };
		291FB3131BE4FD0100654382 /* DurFactoryTest.cpp in Sources */ = {isa = PBXBuildFile; fileRef = 291FB3051BE4FD0100654382 /* DurFactoryTest.cpp */; };
		291FB3141BE4FD0100654382 /* DurEighthTest.cpp in Sources */ = {isa = PBXBuildFile; fileRef = 291FB3061BE4FD0100654382 /* DurEighthTest.cpp */; };
		291FB3151BE4FD0100654382 /* DurBreveTest.cpp in Sources */ = {isa = PBXBuildFile; fileRef = 291FB3071BE4FD0100654382 /* DurBreveTest.cpp */; };
		291FB3161BE4FD0100654382 /* Dur256thTest.cpp in Sources */ = {isa = PBXBuildFile; fileRef = 291FB3081BE4FD0100654382 /* Dur256thTest.cpp */; };
		291FB3171BE4FD0100654382 /* Dur128thTest.cpp in Sources */ = {isa = PBXBuildFile; fileRef = 291FB3091BE4FD0100654382 /* Dur128thTest.cpp */; };
		291FB3181BE4FD0100654382 /* Dur64thTest.cpp in Sources */ = {isa = PBXBuildFile; fileRef = 291FB30A1BE4FD0100654382 /* Dur64thTest.cpp */; };
		291FB3191BE4FD0100654382 /* Dur32ndTest.cpp in Sources */ = {isa = PBXBuildFile; fileRef = 291FB30B1BE4FD0100654382 /* Dur32ndTest.cpp */; };
		291FB31A1BE4FD0100654382 /* Dur16thTest.cpp in Sources */ = {isa = PBXBuildFile; fileRef = 291FB30C1BE4FD0100654382 /* Dur16thTest.cpp */; };
		292B939B1BB1A9AF00A4F808 /* TestIStep.cpp in Sources */ = {isa = PBXBuildFile; fileRef = 292B93991BB1A9AF00A4F808 /* TestIStep.cpp */; };
		292B93A21BB1CEE600A4F808 /* TestStep.cpp in Sources */ = {isa = PBXBuildFile; fileRef = 292B93A01BB1CEE600A4F808 /* TestStep.cpp */; };
		293F50921BAF1BAB00AC0C19 /* TestIEnum.cpp in Sources */ = {isa = PBXBuildFile; fileRef = 293F50901BAF1BAB00AC0C19 /* TestIEnum.cpp */; };
		2943AA841BB851EA00D0080D /* TestPitchName.cpp in Sources */ = {isa = PBXBuildFile; fileRef = 2943AA821BB851EA00D0080D /* TestPitchName.cpp */; };
		294CD80E1B7BC61A0042DDF5 /* TestRational.cpp in Sources */ = {isa = PBXBuildFile; fileRef = 294CD80C1B7BC61A0042DDF5 /* TestRational.cpp */; };
		295145F51BBAE6A60067BFD9 /* TestIPitch.cpp in Sources */ = {isa = PBXBuildFile; fileRef = 295145F31BBAE6A60067BFD9 /* TestIPitch.cpp */; };
		295145F81BBAE8B80067BFD9 /* TestPitch.cpp in Sources */ = {isa = PBXBuildFile; fileRef = 295145F61BBAE8B80067BFD9 /* TestPitch.cpp */; };
		296265C11BB7253200EAFBD0 /* TestIPitchName.cpp in Sources */ = {isa = PBXBuildFile; fileRef = 296265BF1BB7253200EAFBD0 /* TestIPitchName.cpp */; };
		29DB05011BB3028C0029014A /* TestIAlter.cpp in Sources */ = {isa = PBXBuildFile; fileRef = 29DB04FF1BB3028C0029014A /* TestIAlter.cpp */; };
		29DB05041BB302BA0029014A /* TestAlter.cpp in Sources */ = {isa = PBXBuildFile; fileRef = 29DB05021BB302BA0029014A /* TestAlter.cpp */; };
		29E7206F1BBE34C5006FB7FD /* TestIPitchFactory.cpp in Sources */ = {isa = PBXBuildFile; fileRef = 29E7206D1BBE34C5006FB7FD /* TestIPitchFactory.cpp */; };
		29E734331B7ACB590046F4F8 /* main.cpp in Sources */ = {isa = PBXBuildFile; fileRef = 29E734321B7ACB590046F4F8 /* main.cpp */; };
		29E734591B7ACBA50046F4F8 /* cpulFailure.cpp in Sources */ = {isa = PBXBuildFile; fileRef = 29E7344D1B7ACBA50046F4F8 /* cpulFailure.cpp */; };
		29E7345A1B7ACBA50046F4F8 /* cpulRun.cpp in Sources */ = {isa = PBXBuildFile; fileRef = 29E7344F1B7ACBA50046F4F8 /* cpulRun.cpp */; };
		29E7345B1B7ACBA50046F4F8 /* cpulTest.cpp in Sources */ = {isa = PBXBuildFile; fileRef = 29E734511B7ACBA50046F4F8 /* cpulTest.cpp */; };
		29E7345C1B7ACBA50046F4F8 /* cpulTestRegistry.cpp in Sources */ = {isa = PBXBuildFile; fileRef = 29E734541B7ACBA50046F4F8 /* cpulTestRegistry.cpp */; };
		29E7345D1B7ACBA50046F4F8 /* cpulTestResult.cpp in Sources */ = {isa = PBXBuildFile; fileRef = 29E734561B7ACBA50046F4F8 /* cpulTestResult.cpp */; };
		29E7345E1B7ACBA50046F4F8 /* TestMod.cpp in Sources */ = {isa = PBXBuildFile; fileRef = 29E734581B7ACBA50046F4F8 /* TestMod.cpp */; };
		29E734781B7ACE750046F4F8 /* libLyre.a in Frameworks */ = {isa = PBXBuildFile; fileRef = 29E734771B7ACE750046F4F8 /* libLyre.a */; };
		29F735391BB06E2F0067624F /* TestEnum.cpp in Sources */ = {isa = PBXBuildFile; fileRef = 29F735371BB06E2F0067624F /* TestEnum.cpp */; };
/* End PBXBuildFile section */

/* Begin PBXCopyFilesBuildPhase section */
		29E7342D1B7ACB590046F4F8 /* CopyFiles */ = {
			isa = PBXCopyFilesBuildPhase;
			buildActionMask = 2147483647;
			dstPath = /usr/share/man/man1/;
			dstSubfolderSpec = 0;
			files = (
			);
			runOnlyForDeploymentPostprocessing = 1;
		};
/* End PBXCopyFilesBuildPhase section */

/* Begin PBXFileReference section */
		291FB2FF1BE4FD0100654382 /* IDurTest.cpp */ = {isa = PBXFileReference; fileEncoding = 4; lastKnownFileType = sourcecode.cpp.cpp; path = IDurTest.cpp; sourceTree = "<group>"; };
		291FB3001BE4FD0100654382 /* IDurFactoryTest.cpp */ = {isa = PBXFileReference; fileEncoding = 4; lastKnownFileType = sourcecode.cpp.cpp; path = IDurFactoryTest.cpp; sourceTree = "<group>"; };
		291FB3011BE4FD0100654382 /* DurWholeTest.cpp */ = {isa = PBXFileReference; fileEncoding = 4; lastKnownFileType = sourcecode.cpp.cpp; path = DurWholeTest.cpp; sourceTree = "<group>"; };
		291FB3021BE4FD0100654382 /* DurQuarterTest.cpp */ = {isa = PBXFileReference; fileEncoding = 4; lastKnownFileType = sourcecode.cpp.cpp; path = DurQuarterTest.cpp; sourceTree = "<group>"; };
		291FB3031BE4FD0100654382 /* DurLongaTest.cpp */ = {isa = PBXFileReference; fileEncoding = 4; lastKnownFileType = sourcecode.cpp.cpp; path = DurLongaTest.cpp; sourceTree = "<group>"; };
		291FB3041BE4FD0100654382 /* DurHalfTest.cpp */ = {isa = PBXFileReference; fileEncoding = 4; lastKnownFileType = sourcecode.cpp.cpp; path = DurHalfTest.cpp; sourceTree = "<group>"; };
		291FB3051BE4FD0100654382 /* DurFactoryTest.cpp */ = {isa = PBXFileReference; fileEncoding = 4; lastKnownFileType = sourcecode.cpp.cpp; path = DurFactoryTest.cpp; sourceTree = "<group>"; };
		291FB3061BE4FD0100654382 /* DurEighthTest.cpp */ = {isa = PBXFileReference; fileEncoding = 4; lastKnownFileType = sourcecode.cpp.cpp; path = DurEighthTest.cpp; sourceTree = "<group>"; };
		291FB3071BE4FD0100654382 /* DurBreveTest.cpp */ = {isa = PBXFileReference; fileEncoding = 4; lastKnownFileType = sourcecode.cpp.cpp; path = DurBreveTest.cpp; sourceTree = "<group>"; };
		291FB3081BE4FD0100654382 /* Dur256thTest.cpp */ = {isa = PBXFileReference; fileEncoding = 4; lastKnownFileType = sourcecode.cpp.cpp; path = Dur256thTest.cpp; sourceTree = "<group>"; };
		291FB3091BE4FD0100654382 /* Dur128thTest.cpp */ = {isa = PBXFileReference; fileEncoding = 4; lastKnownFileType = sourcecode.cpp.cpp; path = Dur128thTest.cpp; sourceTree = "<group>"; };
		291FB30A1BE4FD0100654382 /* Dur64thTest.cpp */ = {isa = PBXFileReference; fileEncoding = 4; lastKnownFileType = sourcecode.cpp.cpp; path = Dur64thTest.cpp; sourceTree = "<group>"; };
		291FB30B1BE4FD0100654382 /* Dur32ndTest.cpp */ = {isa = PBXFileReference; fileEncoding = 4; lastKnownFileType = sourcecode.cpp.cpp; path = Dur32ndTest.cpp; sourceTree = "<group>"; };
		291FB30C1BE4FD0100654382 /* Dur16thTest.cpp */ = {isa = PBXFileReference; fileEncoding = 4; lastKnownFileType = sourcecode.cpp.cpp; path = Dur16thTest.cpp; sourceTree = "<group>"; };
		292B93991BB1A9AF00A4F808 /* TestIStep.cpp */ = {isa = PBXFileReference; fileEncoding = 4; lastKnownFileType = sourcecode.cpp.cpp; path = TestIStep.cpp; sourceTree = "<group>"; };
		292B93A01BB1CEE600A4F808 /* TestStep.cpp */ = {isa = PBXFileReference; fileEncoding = 4; lastKnownFileType = sourcecode.cpp.cpp; path = TestStep.cpp; sourceTree = "<group>"; };
		293F50901BAF1BAB00AC0C19 /* TestIEnum.cpp */ = {isa = PBXFileReference; fileEncoding = 4; lastKnownFileType = sourcecode.cpp.cpp; path = TestIEnum.cpp; sourceTree = "<group>"; };
		2943AA821BB851EA00D0080D /* TestPitchName.cpp */ = {isa = PBXFileReference; fileEncoding = 4; lastKnownFileType = sourcecode.cpp.cpp; path = TestPitchName.cpp; sourceTree = "<group>"; };
		294CD80C1B7BC61A0042DDF5 /* TestRational.cpp */ = {isa = PBXFileReference; fileEncoding = 4; lastKnownFileType = sourcecode.cpp.cpp; path = TestRational.cpp; sourceTree = "<group>"; };
		295145F31BBAE6A60067BFD9 /* TestIPitch.cpp */ = {isa = PBXFileReference; fileEncoding = 4; lastKnownFileType = sourcecode.cpp.cpp; path = TestIPitch.cpp; sourceTree = "<group>"; };
		295145F61BBAE8B80067BFD9 /* TestPitch.cpp */ = {isa = PBXFileReference; fileEncoding = 4; lastKnownFileType = sourcecode.cpp.cpp; path = TestPitch.cpp; sourceTree = "<group>"; };
		296265BF1BB7253200EAFBD0 /* TestIPitchName.cpp */ = {isa = PBXFileReference; fileEncoding = 4; lastKnownFileType = sourcecode.cpp.cpp; path = TestIPitchName.cpp; sourceTree = "<group>"; };
		29DB04FF1BB3028C0029014A /* TestIAlter.cpp */ = {isa = PBXFileReference; fileEncoding = 4; lastKnownFileType = sourcecode.cpp.cpp; path = TestIAlter.cpp; sourceTree = "<group>"; };
		29DB05021BB302BA0029014A /* TestAlter.cpp */ = {isa = PBXFileReference; fileEncoding = 4; lastKnownFileType = sourcecode.cpp.cpp; path = TestAlter.cpp; sourceTree = "<group>"; };
		29E7206D1BBE34C5006FB7FD /* TestIPitchFactory.cpp */ = {isa = PBXFileReference; fileEncoding = 4; lastKnownFileType = sourcecode.cpp.cpp; path = TestIPitchFactory.cpp; sourceTree = "<group>"; };
		29E7342F1B7ACB590046F4F8 /* LyreTests */ = {isa = PBXFileReference; explicitFileType = "compiled.mach-o.executable"; includeInIndex = 0; path = LyreTests; sourceTree = BUILT_PRODUCTS_DIR; };
		29E734321B7ACB590046F4F8 /* main.cpp */ = {isa = PBXFileReference; lastKnownFileType = sourcecode.cpp.cpp; name = main.cpp; path = LyreTests/main.cpp; sourceTree = "<group>"; };
		29E7344D1B7ACBA50046F4F8 /* cpulFailure.cpp */ = {isa = PBXFileReference; fileEncoding = 4; lastKnownFileType = sourcecode.cpp.cpp; name = cpulFailure.cpp; path = LyreTests/cpulFailure.cpp; sourceTree = "<group>"; };
		29E7344E1B7ACBA50046F4F8 /* cpulFailure.h */ = {isa = PBXFileReference; fileEncoding = 4; lastKnownFileType = sourcecode.c.h; name = cpulFailure.h; path = LyreTests/cpulFailure.h; sourceTree = "<group>"; };
		29E7344F1B7ACBA50046F4F8 /* cpulRun.cpp */ = {isa = PBXFileReference; fileEncoding = 4; lastKnownFileType = sourcecode.cpp.cpp; name = cpulRun.cpp; path = LyreTests/cpulRun.cpp; sourceTree = "<group>"; };
		29E734501B7ACBA50046F4F8 /* cpulRun.h */ = {isa = PBXFileReference; fileEncoding = 4; lastKnownFileType = sourcecode.c.h; name = cpulRun.h; path = LyreTests/cpulRun.h; sourceTree = "<group>"; };
		29E734511B7ACBA50046F4F8 /* cpulTest.cpp */ = {isa = PBXFileReference; fileEncoding = 4; lastKnownFileType = sourcecode.cpp.cpp; name = cpulTest.cpp; path = LyreTests/cpulTest.cpp; sourceTree = "<group>"; };
		29E734521B7ACBA50046F4F8 /* cpulTest.h */ = {isa = PBXFileReference; fileEncoding = 4; lastKnownFileType = sourcecode.c.h; name = cpulTest.h; path = LyreTests/cpulTest.h; sourceTree = "<group>"; };
		29E734531B7ACBA50046F4F8 /* cpulTestHarness.h */ = {isa = PBXFileReference; fileEncoding = 4; lastKnownFileType = sourcecode.c.h; name = cpulTestHarness.h; path = LyreTests/cpulTestHarness.h; sourceTree = "<group>"; };
		29E734541B7ACBA50046F4F8 /* cpulTestRegistry.cpp */ = {isa = PBXFileReference; fileEncoding = 4; lastKnownFileType = sourcecode.cpp.cpp; name = cpulTestRegistry.cpp; path = LyreTests/cpulTestRegistry.cpp; sourceTree = "<group>"; };
		29E734551B7ACBA50046F4F8 /* cpulTestRegistry.h */ = {isa = PBXFileReference; fileEncoding = 4; lastKnownFileType = sourcecode.c.h; name = cpulTestRegistry.h; path = LyreTests/cpulTestRegistry.h; sourceTree = "<group>"; };
		29E734561B7ACBA50046F4F8 /* cpulTestResult.cpp */ = {isa = PBXFileReference; fileEncoding = 4; lastKnownFileType = sourcecode.cpp.cpp; name = cpulTestResult.cpp; path = LyreTests/cpulTestResult.cpp; sourceTree = "<group>"; };
		29E734571B7ACBA50046F4F8 /* cpulTestResult.h */ = {isa = PBXFileReference; fileEncoding = 4; lastKnownFileType = sourcecode.c.h; name = cpulTestResult.h; path = LyreTests/cpulTestResult.h; sourceTree = "<group>"; };
		29E734581B7ACBA50046F4F8 /* TestMod.cpp */ = {isa = PBXFileReference; fileEncoding = 4; lastKnownFileType = sourcecode.cpp.cpp; path = TestMod.cpp; sourceTree = "<group>"; };
		29E734771B7ACE750046F4F8 /* libLyre.a */ = {isa = PBXFileReference; lastKnownFileType = archive.ar; name = libLyre.a; path = ../Build/Products/Debug/libLyre.a; sourceTree = "<group>"; };
		29F735371BB06E2F0067624F /* TestEnum.cpp */ = {isa = PBXFileReference; fileEncoding = 4; lastKnownFileType = sourcecode.cpp.cpp; path = TestEnum.cpp; sourceTree = "<group>"; };
/* End PBXFileReference section */

/* Begin PBXFrameworksBuildPhase section */
		29E7342C1B7ACB590046F4F8 /* Frameworks */ = {
			isa = PBXFrameworksBuildPhase;
			buildActionMask = 2147483647;
			files = (
				29E734781B7ACE750046F4F8 /* libLyre.a in Frameworks */,
			);
			runOnlyForDeploymentPostprocessing = 0;
		};
/* End PBXFrameworksBuildPhase section */

/* Begin PBXGroup section */
		291FB2FD1BE4F99A00654382 /* Concrete */ = {
			isa = PBXGroup;
			children = (
				291FB3011BE4FD0100654382 /* DurWholeTest.cpp */,
				291FB3021BE4FD0100654382 /* DurQuarterTest.cpp */,
				291FB3031BE4FD0100654382 /* DurLongaTest.cpp */,
				291FB3041BE4FD0100654382 /* DurHalfTest.cpp */,
				291FB3051BE4FD0100654382 /* DurFactoryTest.cpp */,
				291FB3061BE4FD0100654382 /* DurEighthTest.cpp */,
				291FB3071BE4FD0100654382 /* DurBreveTest.cpp */,
				291FB3081BE4FD0100654382 /* Dur256thTest.cpp */,
				291FB3091BE4FD0100654382 /* Dur128thTest.cpp */,
				291FB30A1BE4FD0100654382 /* Dur64thTest.cpp */,
				291FB30B1BE4FD0100654382 /* Dur32ndTest.cpp */,
				291FB30C1BE4FD0100654382 /* Dur16thTest.cpp */,
			);
			name = Concrete;
			sourceTree = "<group>";
		};
		291FB2FE1BE4F9A300654382 /* Interface */ = {
			isa = PBXGroup;
			children = (
				291FB2FF1BE4FD0100654382 /* IDurTest.cpp */,
				291FB3001BE4FD0100654382 /* IDurFactoryTest.cpp */,
			);
			name = Interface;
			sourceTree = "<group>";
		};
		2928CABC1BB9933A0063D861 /* Interface */ = {
			isa = PBXGroup;
			children = (
				29DB04FF1BB3028C0029014A /* TestIAlter.cpp */,
				296265BF1BB7253200EAFBD0 /* TestIPitchName.cpp */,
				292B93991BB1A9AF00A4F808 /* TestIStep.cpp */,
				295145F31BBAE6A60067BFD9 /* TestIPitch.cpp */,
				29E7206D1BBE34C5006FB7FD /* TestIPitchFactory.cpp */,
			);
			name = Interface;
			sourceTree = "<group>";
		};
		2928CABD1BB993610063D861 /* Pitch */ = {
			isa = PBXGroup;
			children = (
				2928CABE1BB9936C0063D861 /* Concrete */,
				2928CABC1BB9933A0063D861 /* Interface */,
			);
			name = Pitch;
			sourceTree = "<group>";
		};
		2928CABE1BB9936C0063D861 /* Concrete */ = {
			isa = PBXGroup;
			children = (
				295145F61BBAE8B80067BFD9 /* TestPitch.cpp */,
				29DB05021BB302BA0029014A /* TestAlter.cpp */,
				2943AA821BB851EA00D0080D /* TestPitchName.cpp */,
				292B93A01BB1CEE600A4F808 /* TestStep.cpp */,
			);
			name = Concrete;
			sourceTree = "<group>";
		};
		2928CABF1BB9938E0063D861 /* Time */ = {
			isa = PBXGroup;
			children = (
				291FB2FE1BE4F9A300654382 /* Interface */,
				291FB2FD1BE4F99A00654382 /* Concrete */,
			);
			name = Time;
			sourceTree = "<group>";
		};
		2928CAC01BB993C00063D861 /* General */ = {
			isa = PBXGroup;
			children = (
				2928CAC21BB993D30063D861 /* Concrete */,
				2928CAC11BB993D00063D861 /* Interface */,
				2928CAC31BB993DE0063D861 /* Primitive */,
			);
			name = General;
			sourceTree = "<group>";
		};
		2928CAC11BB993D00063D861 /* Interface */ = {
			isa = PBXGroup;
			children = (
				293F50901BAF1BAB00AC0C19 /* TestIEnum.cpp */,
			);
			name = Interface;
			sourceTree = "<group>";
		};
		2928CAC21BB993D30063D861 /* Concrete */ = {
			isa = PBXGroup;
			children = (
				29F735371BB06E2F0067624F /* TestEnum.cpp */,
			);
			name = Concrete;
			sourceTree = "<group>";
		};
		2928CAC31BB993DE0063D861 /* Primitive */ = {
			isa = PBXGroup;
			children = (
				29E734581B7ACBA50046F4F8 /* TestMod.cpp */,
				294CD80C1B7BC61A0042DDF5 /* TestRational.cpp */,
			);
			name = Primitive;
			sourceTree = "<group>";
		};
		29783A5E1B8639C9001E5C15 /* CppUnitLite */ = {
			isa = PBXGroup;
			children = (
				29E7344D1B7ACBA50046F4F8 /* cpulFailure.cpp */,
				29E7344E1B7ACBA50046F4F8 /* cpulFailure.h */,
				29E7344F1B7ACBA50046F4F8 /* cpulRun.cpp */,
				29E734501B7ACBA50046F4F8 /* cpulRun.h */,
				29E734511B7ACBA50046F4F8 /* cpulTest.cpp */,
				29E734521B7ACBA50046F4F8 /* cpulTest.h */,
				29E734531B7ACBA50046F4F8 /* cpulTestHarness.h */,
				29E734541B7ACBA50046F4F8 /* cpulTestRegistry.cpp */,
				29E734551B7ACBA50046F4F8 /* cpulTestRegistry.h */,
				29E734561B7ACBA50046F4F8 /* cpulTestResult.cpp */,
				29E734571B7ACBA50046F4F8 /* cpulTestResult.h */,
				29E734321B7ACB590046F4F8 /* main.cpp */,
			);
			name = CppUnitLite;
			sourceTree = "<group>";
		};
		29E734261B7ACB590046F4F8 = {
			isa = PBXGroup;
			children = (
				29783A5E1B8639C9001E5C15 /* CppUnitLite */,
				29E734771B7ACE750046F4F8 /* libLyre.a */,
				29E734311B7ACB590046F4F8 /* LyreTests */,
				29E734301B7ACB590046F4F8 /* Products */,
			);
			sourceTree = "<group>";
		};
		29E734301B7ACB590046F4F8 /* Products */ = {
			isa = PBXGroup;
			children = (
				29E7342F1B7ACB590046F4F8 /* LyreTests */,
			);
			name = Products;
			sourceTree = "<group>";
		};
		29E734311B7ACB590046F4F8 /* LyreTests */ = {
			isa = PBXGroup;
			children = (
				2928CABF1BB9938E0063D861 /* Time */,
				2928CAC01BB993C00063D861 /* General */,
				2928CABD1BB993610063D861 /* Pitch */,
			);
			path = LyreTests;
			sourceTree = "<group>";
		};
/* End PBXGroup section */

/* Begin PBXNativeTarget section */
		29E7342E1B7ACB590046F4F8 /* LyreTests */ = {
			isa = PBXNativeTarget;
			buildConfigurationList = 29E734381B7ACB590046F4F8 /* Build configuration list for PBXNativeTarget "LyreTests" */;
			buildPhases = (
				29E7342B1B7ACB590046F4F8 /* Sources */,
				29E7342C1B7ACB590046F4F8 /* Frameworks */,
				29E7342D1B7ACB590046F4F8 /* CopyFiles */,
			);
			buildRules = (
			);
			dependencies = (
			);
			name = LyreTests;
			productName = LyreTests;
			productReference = 29E7342F1B7ACB590046F4F8 /* LyreTests */;
			productType = "com.apple.product-type.tool";
		};
/* End PBXNativeTarget section */

/* Begin PBXProject section */
		29E734271B7ACB590046F4F8 /* Project object */ = {
			isa = PBXProject;
			attributes = {
				LastUpgradeCheck = 0510;
				ORGANIZATIONNAME = "Matthew James Briggs";
			};
			buildConfigurationList = 29E7342A1B7ACB590046F4F8 /* Build configuration list for PBXProject "LyreTests" */;
			compatibilityVersion = "Xcode 3.2";
			developmentRegion = English;
			hasScannedForEncodings = 0;
			knownRegions = (
				en,
			);
			mainGroup = 29E734261B7ACB590046F4F8;
			productRefGroup = 29E734301B7ACB590046F4F8 /* Products */;
			projectDirPath = "";
			projectRoot = "";
			targets = (
				29E7342E1B7ACB590046F4F8 /* LyreTests */,
			);
		};
/* End PBXProject section */

/* Begin PBXSourcesBuildPhase section */
		29E7342B1B7ACB590046F4F8 /* Sources */ = {
			isa = PBXSourcesBuildPhase;
			buildActionMask = 2147483647;
			files = (
				291FB30E1BE4FD0100654382 /* IDurFactoryTest.cpp in Sources */,
				291FB3111BE4FD0100654382 /* DurLongaTest.cpp in Sources */,
				29DB05011BB3028C0029014A /* TestIAlter.cpp in Sources */,
				291FB3171BE4FD0100654382 /* Dur128thTest.cpp in Sources */,
				291FB30F1BE4FD0100654382 /* DurWholeTest.cpp in Sources */,
				29E7206F1BBE34C5006FB7FD /* TestIPitchFactory.cpp in Sources */,
				2943AA841BB851EA00D0080D /* TestPitchName.cpp in Sources */,
				295145F81BBAE8B80067BFD9 /* TestPitch.cpp in Sources */,
				29E7345A1B7ACBA50046F4F8 /* cpulRun.cpp in Sources */,
				29F735391BB06E2F0067624F /* TestEnum.cpp in Sources */,
				29E7345C1B7ACBA50046F4F8 /* cpulTestRegistry.cpp in Sources */,
				293F50921BAF1BAB00AC0C19 /* TestIEnum.cpp in Sources */,
				291FB3161BE4FD0100654382 /* Dur256thTest.cpp in Sources */,
				29E7345B1B7ACBA50046F4F8 /* cpulTest.cpp in Sources */,
				291FB30D1BE4FD0100654382 /* IDurTest.cpp in Sources */,
				291FB3151BE4FD0100654382 /* DurBreveTest.cpp in Sources */,
				29DB05041BB302BA0029014A /* TestAlter.cpp in Sources */,
				291FB3191BE4FD0100654382 /* Dur32ndTest.cpp in Sources */,
				291FB3181BE4FD0100654382 /* Dur64thTest.cpp in Sources */,
				291FB3141BE4FD0100654382 /* DurEighthTest.cpp in Sources */,
				291FB3121BE4FD0100654382 /* DurHalfTest.cpp in Sources */,
				294CD80E1B7BC61A0042DDF5 /* TestRational.cpp in Sources */,
				292B939B1BB1A9AF00A4F808 /* TestIStep.cpp in Sources */,
				29E734591B7ACBA50046F4F8 /* cpulFailure.cpp in Sources */,
				291FB3131BE4FD0100654382 /* DurFactoryTest.cpp in Sources */,
				295145F51BBAE6A60067BFD9 /* TestIPitch.cpp in Sources */,
				29E7345E1B7ACBA50046F4F8 /* TestMod.cpp in Sources */,
				291FB3101BE4FD0100654382 /* DurQuarterTest.cpp in Sources */,
				291FB31A1BE4FD0100654382 /* Dur16thTest.cpp in Sources */,
				292B93A21BB1CEE600A4F808 /* TestStep.cpp in Sources */,
				29E7345D1B7ACBA50046F4F8 /* cpulTestResult.cpp in Sources */,
				296265C11BB7253200EAFBD0 /* TestIPitchName.cpp in Sources */,
				29E734331B7ACB590046F4F8 /* main.cpp in Sources */,
			);
			runOnlyForDeploymentPostprocessing = 0;
		};
/* End PBXSourcesBuildPhase section */

/* Begin XCBuildConfiguration section */
		29E734361B7ACB590046F4F8 /* Debug */ = {
			isa = XCBuildConfiguration;
			buildSettings = {
				ALWAYS_SEARCH_USER_PATHS = NO;
				CLANG_CXX_LANGUAGE_STANDARD = "gnu++0x";
				CLANG_CXX_LIBRARY = "libc++";
				CLANG_ENABLE_MODULES = YES;
				CLANG_ENABLE_OBJC_ARC = YES;
				CLANG_WARN_BOOL_CONVERSION = YES;
				CLANG_WARN_CONSTANT_CONVERSION = YES;
				CLANG_WARN_DIRECT_OBJC_ISA_USAGE = YES_ERROR;
				CLANG_WARN_EMPTY_BODY = YES;
				CLANG_WARN_ENUM_CONVERSION = YES;
				CLANG_WARN_INT_CONVERSION = YES;
				CLANG_WARN_OBJC_ROOT_CLASS = YES_ERROR;
				CLANG_WARN__DUPLICATE_METHOD_MATCH = YES;
				COPY_PHASE_STRIP = NO;
				GCC_C_LANGUAGE_STANDARD = gnu99;
				GCC_DYNAMIC_NO_PIC = NO;
				GCC_ENABLE_OBJC_EXCEPTIONS = YES;
				GCC_OPTIMIZATION_LEVEL = 0;
				GCC_PREPROCESSOR_DEFINITIONS = (
					"DEBUG=1",
					"$(inherited)",
				);
				GCC_SYMBOLS_PRIVATE_EXTERN = NO;
				GCC_WARN_64_TO_32_BIT_CONVERSION = YES;
				GCC_WARN_ABOUT_RETURN_TYPE = YES_ERROR;
				GCC_WARN_UNDECLARED_SELECTOR = YES;
				GCC_WARN_UNINITIALIZED_AUTOS = YES_AGGRESSIVE;
				GCC_WARN_UNUSED_FUNCTION = YES;
				GCC_WARN_UNUSED_VARIABLE = YES;
				MACOSX_DEPLOYMENT_TARGET = 10.9;
				ONLY_ACTIVE_ARCH = YES;
				SDKROOT = macosx;
				USER_HEADER_SEARCH_PATHS = "../Lyre/**";
			};
			name = Debug;
		};
		29E734371B7ACB590046F4F8 /* Release */ = {
			isa = XCBuildConfiguration;
			buildSettings = {
				ALWAYS_SEARCH_USER_PATHS = NO;
				CLANG_CXX_LANGUAGE_STANDARD = "gnu++0x";
				CLANG_CXX_LIBRARY = "libc++";
				CLANG_ENABLE_MODULES = YES;
				CLANG_ENABLE_OBJC_ARC = YES;
				CLANG_WARN_BOOL_CONVERSION = YES;
				CLANG_WARN_CONSTANT_CONVERSION = YES;
				CLANG_WARN_DIRECT_OBJC_ISA_USAGE = YES_ERROR;
				CLANG_WARN_EMPTY_BODY = YES;
				CLANG_WARN_ENUM_CONVERSION = YES;
				CLANG_WARN_INT_CONVERSION = YES;
				CLANG_WARN_OBJC_ROOT_CLASS = YES_ERROR;
				CLANG_WARN__DUPLICATE_METHOD_MATCH = YES;
				COPY_PHASE_STRIP = YES;
				DEBUG_INFORMATION_FORMAT = "dwarf-with-dsym";
				ENABLE_NS_ASSERTIONS = NO;
				GCC_C_LANGUAGE_STANDARD = gnu99;
				GCC_ENABLE_OBJC_EXCEPTIONS = YES;
				GCC_WARN_64_TO_32_BIT_CONVERSION = YES;
				GCC_WARN_ABOUT_RETURN_TYPE = YES_ERROR;
				GCC_WARN_UNDECLARED_SELECTOR = YES;
				GCC_WARN_UNINITIALIZED_AUTOS = YES_AGGRESSIVE;
				GCC_WARN_UNUSED_FUNCTION = YES;
				GCC_WARN_UNUSED_VARIABLE = YES;
				MACOSX_DEPLOYMENT_TARGET = 10.9;
				SDKROOT = macosx;
				USER_HEADER_SEARCH_PATHS = "../Lyre/**";
			};
			name = Release;
		};
		29E734391B7ACB590046F4F8 /* Debug */ = {
			isa = XCBuildConfiguration;
			buildSettings = {
				LIBRARY_SEARCH_PATHS = (
					"$(inherited)",
					/Volumes/MusicClasses/Build/Products/Debug,
				);
				PRODUCT_NAME = "$(TARGET_NAME)";
			};
			name = Debug;
		};
		29E7343A1B7ACB590046F4F8 /* Release */ = {
			isa = XCBuildConfiguration;
			buildSettings = {
				LIBRARY_SEARCH_PATHS = (
					"$(inherited)",
					/Volumes/MusicClasses/Build/Products/Debug,
				);
				PRODUCT_NAME = "$(TARGET_NAME)";
			};
			name = Release;
		};
/* End XCBuildConfiguration section */

/* Begin XCConfigurationList section */
		29E7342A1B7ACB590046F4F8 /* Build configuration list for PBXProject "LyreTests" */ = {
			isa = XCConfigurationList;
			buildConfigurations = (
				29E734361B7ACB590046F4F8 /* Debug */,
				29E734371B7ACB590046F4F8 /* Release */,
			);
			defaultConfigurationIsVisible = 0;
			defaultConfigurationName = Release;
		};
		29E734381B7ACB590046F4F8 /* Build configuration list for PBXNativeTarget "LyreTests" */ = {
			isa = XCConfigurationList;
			buildConfigurations = (
				29E734391B7ACB590046F4F8 /* Debug */,
				29E7343A1B7ACB590046F4F8 /* Release */,
			);
			defaultConfigurationIsVisible = 0;
			defaultConfigurationName = Release;
		};
/* End XCConfigurationList section */
	};
	rootObject = 29E734271B7ACB590046F4F8 /* Project object */;
}
